{
  "pins" : [
    {
      "identity" : "keychain-swift",
      "kind" : "remoteSourceControl",
      "location" : "https://github.com/evgenyneu/keychain-swift.git",
      "state" : {
        "revision" : "d108a1fa6189e661f91560548ef48651ed8d93b9",
        "version" : "20.0.0"
      }
    },
    {
      "identity" : "promisekit",
      "kind" : "remoteSourceControl",
      "location" : "https://github.com/mxcl/PromiseKit",
      "state" : {
        "revision" : "c946b7561fbe11379a874e59faa2c5f8077ae0e1",
        "version" : "6.17.1"
      }
    },
    {
      "identity" : "realm-core",
      "kind" : "remoteSourceControl",
      "location" : "https://github.com/realm/realm-core",
      "state" : {
        "revision" : "472d325a2e844fcb48c400db74e6b9646f92ca93",
        "version" : "11.15.0"
      }
    },
    {
      "identity" : "realm-swift",
      "kind" : "remoteSourceControl",
      "location" : "https://github.com/realm/realm-swift.git",
      "state" : {
        "revision" : "41fe221e2209ad31bee35593513d957dc3e6e458",
        "version" : "10.25.2"
      }
    }
  ],
  "version" : 2
}
