// !$*UTF8*$!
{
	archiveVersion = 1;
	classes = {
	};
	objectVersion = 55;
	objects = {

/* Begin PBXBuildFile section */
		F20A6B8D27B43D10007AE5E6 /* ApiVK.swift in Sources */ = {isa = PBXBuildFile; fileRef = F20A6B8C27B43D10007AE5E6 /* ApiVK.swift */; };
		F210040F27A1352A00073B94 /* AppDelegate.swift in Sources */ = {isa = PBXBuildFile; fileRef = F210040E27A1352A00073B94 /* AppDelegate.swift */; };
		F210041127A1352A00073B94 /* SceneDelegate.swift in Sources */ = {isa = PBXBuildFile; fileRef = F210041027A1352A00073B94 /* SceneDelegate.swift */; };
		F210041827A1352B00073B94 /* Assets.xcassets in Resources */ = {isa = PBXBuildFile; fileRef = F210041727A1352B00073B94 /* Assets.xcassets */; };
		F210041B27A1352B00073B94 /* LaunchScreen.storyboard in Resources */ = {isa = PBXBuildFile; fileRef = F210041927A1352B00073B94 /* LaunchScreen.storyboard */; };
		F21EB5A327A7D5D3003698CD /* FriendCollectionViewController.swift in Sources */ = {isa = PBXBuildFile; fileRef = F21EB5A227A7D5D3003698CD /* FriendCollectionViewController.swift */; };
		F21EB5A627A7D829003698CD /* FriendCollectionViewCell.swift in Sources */ = {isa = PBXBuildFile; fileRef = F21EB5A527A7D829003698CD /* FriendCollectionViewCell.swift */; };
		F21EB5A927A7F0E0003698CD /* GroupTableViewCell.swift in Sources */ = {isa = PBXBuildFile; fileRef = F21EB5A827A7F0E0003698CD /* GroupTableViewCell.swift */; };
		F21EB5AE27A7FE35003698CD /* AllGroupsListViewController.swift in Sources */ = {isa = PBXBuildFile; fileRef = F21EB5AD27A7FE35003698CD /* AllGroupsListViewController.swift */; };
		F22E014927A6BE1800B0FB27 /* FriendsViewController.swift in Sources */ = {isa = PBXBuildFile; fileRef = F22E014827A6BE1800B0FB27 /* FriendsViewController.swift */; };
		F22E014D27A6BE5100B0FB27 /* FavoriteGroupsListViewController.swift in Sources */ = {isa = PBXBuildFile; fileRef = F22E014C27A6BE5100B0FB27 /* FavoriteGroupsListViewController.swift */; };
		F22E015027A6BF5F00B0FB27 /* FriendsTableViewCell.swift in Sources */ = {isa = PBXBuildFile; fileRef = F22E014F27A6BF5F00B0FB27 /* FriendsTableViewCell.swift */; };
		F23556E427B1048A0032E049 /* LoadingView.swift in Sources */ = {isa = PBXBuildFile; fileRef = F23556E327B1048A0032E049 /* LoadingView.swift */; };
		F23838DD27D0C743006D1B2C /* KeychainSwift in Frameworks */ = {isa = PBXBuildFile; productRef = F23838DC27D0C743006D1B2C /* KeychainSwift */; };
		F24E7A7327AC12D400E12148 /* FriendsHeaderSectionTableView.swift in Sources */ = {isa = PBXBuildFile; fileRef = F24E7A7227AC12D400E12148 /* FriendsHeaderSectionTableView.swift */; };
		F252990D27A93EB200E10CEF /* AvatarView.swift in Sources */ = {isa = PBXBuildFile; fileRef = F252990C27A93EB200E10CEF /* AvatarView.swift */; };
		F25580F327CBB930008820DD /* JSONResponse.swift in Sources */ = {isa = PBXBuildFile; fileRef = F25580F227CBB930008820DD /* JSONResponse.swift */; };
		F25869ED27A934F100A86D87 /* LikeControl.swift in Sources */ = {isa = PBXBuildFile; fileRef = F25869EC27A934F100A86D87 /* LikeControl.swift */; };
		F25AE76527D1E1FD00AADE0D /* Realm in Frameworks */ = {isa = PBXBuildFile; productRef = F25AE76427D1E1FD00AADE0D /* Realm */; };
		F25AE76727D1E1FD00AADE0D /* RealmSwift in Frameworks */ = {isa = PBXBuildFile; productRef = F25AE76627D1E1FD00AADE0D /* RealmSwift */; };
		F28037B727C8CE9F004AE857 /* LoginViewController.swift in Sources */ = {isa = PBXBuildFile; fileRef = F28037B627C8CE9F004AE857 /* LoginViewController.swift */; };
		F281597B27A27C9F0061F2B8 /* TabBarViewController.swift in Sources */ = {isa = PBXBuildFile; fileRef = F281597A27A27C9F0061F2B8 /* TabBarViewController.swift */; };
		F285766227D62BAB00B6069F /* StartViewController.swift in Sources */ = {isa = PBXBuildFile; fileRef = F285766127D62BAB00B6069F /* StartViewController.swift */; };
		F2890BDE27AD22E80038AF8F /* SearchBarHeaderTableView.swift in Sources */ = {isa = PBXBuildFile; fileRef = F2890BDD27AD22E80038AF8F /* SearchBarHeaderTableView.swift */; };
		F2890BE127AD769E0038AF8F /* NewsTableViewController.swift in Sources */ = {isa = PBXBuildFile; fileRef = F2890BE027AD769E0038AF8F /* NewsTableViewController.swift */; };
		F2890BE527AD78DF0038AF8F /* NewsTableViewCell.swift in Sources */ = {isa = PBXBuildFile; fileRef = F2890BE427AD78DF0038AF8F /* NewsTableViewCell.swift */; };
		F29900CA27D368A4003186C9 /* PhotoCache.swift in Sources */ = {isa = PBXBuildFile; fileRef = F29900C927D368A4003186C9 /* PhotoCache.swift */; };
		F299703827E0C92C006684BD /* FriendModelApi.swift in Sources */ = {isa = PBXBuildFile; fileRef = F299703727E0C92C006684BD /* FriendModelApi.swift */; };
		F299703A27E0C957006684BD /* PhotoModelApi.swift in Sources */ = {isa = PBXBuildFile; fileRef = F299703927E0C957006684BD /* PhotoModelApi.swift */; };
		F299703C27E0C97C006684BD /* GroupModelApi.swift in Sources */ = {isa = PBXBuildFile; fileRef = F299703B27E0C97C006684BD /* GroupModelApi.swift */; };
		F299704127E0DEEE006684BD /* RealmCacheService.swift in Sources */ = {isa = PBXBuildFile; fileRef = F299704027E0DEEE006684BD /* RealmCacheService.swift */; };
		F29F4C1027CF6BED00D766F2 /* Keychain.swift in Sources */ = {isa = PBXBuildFile; fileRef = F29F4C0F27CF6BED00D766F2 /* Keychain.swift */; };
		F2B76B8327D74BC4006BA2A1 /* LoaderImage.swift in Sources */ = {isa = PBXBuildFile; fileRef = F2B76B8227D74BC4006BA2A1 /* LoaderImage.swift */; };
/* End PBXBuildFile section */

/* Begin PBXFileReference section */
		F20A6B8C27B43D10007AE5E6 /* ApiVK.swift */ = {isa = PBXFileReference; lastKnownFileType = sourcecode.swift; path = ApiVK.swift; sourceTree = "<group>"; };
		F210040B27A1352A00073B94 /* vk-withoutStoryboard.app */ = {isa = PBXFileReference; explicitFileType = wrapper.application; includeInIndex = 0; path = "vk-withoutStoryboard.app"; sourceTree = BUILT_PRODUCTS_DIR; };
		F210040E27A1352A00073B94 /* AppDelegate.swift */ = {isa = PBXFileReference; lastKnownFileType = sourcecode.swift; path = AppDelegate.swift; sourceTree = "<group>"; };
		F210041027A1352A00073B94 /* SceneDelegate.swift */ = {isa = PBXFileReference; lastKnownFileType = sourcecode.swift; path = SceneDelegate.swift; sourceTree = "<group>"; };
		F210041727A1352B00073B94 /* Assets.xcassets */ = {isa = PBXFileReference; lastKnownFileType = folder.assetcatalog; path = Assets.xcassets; sourceTree = "<group>"; };
		F210041A27A1352B00073B94 /* Base */ = {isa = PBXFileReference; lastKnownFileType = file.storyboard; name = Base; path = Base.lproj/LaunchScreen.storyboard; sourceTree = "<group>"; };
		F210041C27A1352B00073B94 /* Info.plist */ = {isa = PBXFileReference; lastKnownFileType = text.plist.xml; path = Info.plist; sourceTree = "<group>"; };
		F210042327A139D600073B94 /* readmi.md */ = {isa = PBXFileReference; lastKnownFileType = net.daringfireball.markdown; path = readmi.md; sourceTree = "<group>"; };
		F21EB5A227A7D5D3003698CD /* FriendCollectionViewController.swift */ = {isa = PBXFileReference; lastKnownFileType = sourcecode.swift; path = FriendCollectionViewController.swift; sourceTree = "<group>"; };
		F21EB5A527A7D829003698CD /* FriendCollectionViewCell.swift */ = {isa = PBXFileReference; lastKnownFileType = sourcecode.swift; path = FriendCollectionViewCell.swift; sourceTree = "<group>"; };
		F21EB5A827A7F0E0003698CD /* GroupTableViewCell.swift */ = {isa = PBXFileReference; lastKnownFileType = sourcecode.swift; path = GroupTableViewCell.swift; sourceTree = "<group>"; };
		F21EB5AD27A7FE35003698CD /* AllGroupsListViewController.swift */ = {isa = PBXFileReference; lastKnownFileType = sourcecode.swift; path = AllGroupsListViewController.swift; sourceTree = "<group>"; };
		F22E014827A6BE1800B0FB27 /* FriendsViewController.swift */ = {isa = PBXFileReference; lastKnownFileType = sourcecode.swift; path = FriendsViewController.swift; sourceTree = "<group>"; };
		F22E014C27A6BE5100B0FB27 /* FavoriteGroupsListViewController.swift */ = {isa = PBXFileReference; lastKnownFileType = sourcecode.swift; path = FavoriteGroupsListViewController.swift; sourceTree = "<group>"; };
		F22E014F27A6BF5F00B0FB27 /* FriendsTableViewCell.swift */ = {isa = PBXFileReference; lastKnownFileType = sourcecode.swift; path = FriendsTableViewCell.swift; sourceTree = "<group>"; };
		F23556E327B1048A0032E049 /* LoadingView.swift */ = {isa = PBXFileReference; lastKnownFileType = sourcecode.swift; path = LoadingView.swift; sourceTree = "<group>"; };
		F24E7A7227AC12D400E12148 /* FriendsHeaderSectionTableView.swift */ = {isa = PBXFileReference; lastKnownFileType = sourcecode.swift; path = FriendsHeaderSectionTableView.swift; sourceTree = "<group>"; };
		F252990C27A93EB200E10CEF /* AvatarView.swift */ = {isa = PBXFileReference; lastKnownFileType = sourcecode.swift; path = AvatarView.swift; sourceTree = "<group>"; };
		F25580F227CBB930008820DD /* JSONResponse.swift */ = {isa = PBXFileReference; lastKnownFileType = sourcecode.swift; path = JSONResponse.swift; sourceTree = "<group>"; };
		F25869EC27A934F100A86D87 /* LikeControl.swift */ = {isa = PBXFileReference; lastKnownFileType = sourcecode.swift; path = LikeControl.swift; sourceTree = "<group>"; };
		F28037B627C8CE9F004AE857 /* LoginViewController.swift */ = {isa = PBXFileReference; lastKnownFileType = sourcecode.swift; path = LoginViewController.swift; sourceTree = "<group>"; };
		F281597A27A27C9F0061F2B8 /* TabBarViewController.swift */ = {isa = PBXFileReference; lastKnownFileType = sourcecode.swift; path = TabBarViewController.swift; sourceTree = "<group>"; };
		F285766127D62BAB00B6069F /* StartViewController.swift */ = {isa = PBXFileReference; lastKnownFileType = sourcecode.swift; path = StartViewController.swift; sourceTree = "<group>"; };
		F2890BDD27AD22E80038AF8F /* SearchBarHeaderTableView.swift */ = {isa = PBXFileReference; lastKnownFileType = sourcecode.swift; path = SearchBarHeaderTableView.swift; sourceTree = "<group>"; };
		F2890BE027AD769E0038AF8F /* NewsTableViewController.swift */ = {isa = PBXFileReference; lastKnownFileType = sourcecode.swift; path = NewsTableViewController.swift; sourceTree = "<group>"; };
		F2890BE427AD78DF0038AF8F /* NewsTableViewCell.swift */ = {isa = PBXFileReference; lastKnownFileType = sourcecode.swift; path = NewsTableViewCell.swift; sourceTree = "<group>"; };
		F29900C927D368A4003186C9 /* PhotoCache.swift */ = {isa = PBXFileReference; lastKnownFileType = sourcecode.swift; path = PhotoCache.swift; sourceTree = "<group>"; };
		F299703727E0C92C006684BD /* FriendModelApi.swift */ = {isa = PBXFileReference; lastKnownFileType = sourcecode.swift; path = FriendModelApi.swift; sourceTree = "<group>"; };
		F299703927E0C957006684BD /* PhotoModelApi.swift */ = {isa = PBXFileReference; lastKnownFileType = sourcecode.swift; path = PhotoModelApi.swift; sourceTree = "<group>"; };
		F299703B27E0C97C006684BD /* GroupModelApi.swift */ = {isa = PBXFileReference; lastKnownFileType = sourcecode.swift; path = GroupModelApi.swift; sourceTree = "<group>"; };
		F299704027E0DEEE006684BD /* RealmCacheService.swift */ = {isa = PBXFileReference; lastKnownFileType = sourcecode.swift; path = RealmCacheService.swift; sourceTree = "<group>"; };
		F29F4C0F27CF6BED00D766F2 /* Keychain.swift */ = {isa = PBXFileReference; lastKnownFileType = sourcecode.swift; path = Keychain.swift; sourceTree = "<group>"; };
		F2B76B8227D74BC4006BA2A1 /* LoaderImage.swift */ = {isa = PBXFileReference; lastKnownFileType = sourcecode.swift; path = LoaderImage.swift; sourceTree = "<group>"; };
/* End PBXFileReference section */

/* Begin PBXFrameworksBuildPhase section */
		F210040827A1352A00073B94 /* Frameworks */ = {
			isa = PBXFrameworksBuildPhase;
			buildActionMask = 2147483647;
			files = (
				F25AE76727D1E1FD00AADE0D /* RealmSwift in Frameworks */,
				F25AE76527D1E1FD00AADE0D /* Realm in Frameworks */,
				F23838DD27D0C743006D1B2C /* KeychainSwift in Frameworks */,
			);
			runOnlyForDeploymentPostprocessing = 0;
		};
/* End PBXFrameworksBuildPhase section */

/* Begin PBXGroup section */
		F210040227A1352A00073B94 = {
			isa = PBXGroup;
			children = (
				F210040D27A1352A00073B94 /* vk-withoutStoryboard */,
				F210040C27A1352A00073B94 /* Products */,
			);
			sourceTree = "<group>";
		};
		F210040C27A1352A00073B94 /* Products */ = {
			isa = PBXGroup;
			children = (
				F210040B27A1352A00073B94 /* vk-withoutStoryboard.app */,
			);
			name = Products;
			sourceTree = "<group>";
		};
		F210040D27A1352A00073B94 /* vk-withoutStoryboard */ = {
			isa = PBXGroup;
			children = (
				F285765F27D61D9F00B6069F /* AppDelegate */,
				F21B778127AEB1E30032F8B5 /* Common Files */,
				F285765D27D61CD400B6069F /* Configuration */,
				F22E015227A6BFCD00B0FB27 /* Model */,
				F285765E27D61D7700B6069F /* Presention */,
				F285766027D61DC300B6069F /* Resource */,
				F210041927A1352B00073B94 /* LaunchScreen.storyboard */,
				F210042327A139D600073B94 /* readmi.md */,
			);
			path = "vk-withoutStoryboard";
			sourceTree = "<group>";
		};
		F21B778127AEB1E30032F8B5 /* Common Files */ = {
			isa = PBXGroup;
			children = (
				F299703E27E0DD71006684BD /* NetworkService */,
				F25869EC27A934F100A86D87 /* LikeControl.swift */,
				F29900C927D368A4003186C9 /* PhotoCache.swift */,
				F23556E327B1048A0032E049 /* LoadingView.swift */,
				F29F4C0F27CF6BED00D766F2 /* Keychain.swift */,
			);
			path = "Common Files";
			sourceTree = "<group>";
		};
		F21B778227AEBA7F0032F8B5 /* List */ = {
			isa = PBXGroup;
			children = (
				F24E7A7127AC12AA00E12148 /* HeaderSection */,
				F252990B27A93E9600E10CEF /* CustomView */,
				F22E014E27A6BF4800B0FB27 /* Cell */,
				F22E014727A6BE0400B0FB27 /* Controller */,
			);
			path = List;
			sourceTree = "<group>";
		};
		F21EB5A027A7D581003698CD /* Collection */ = {
			isa = PBXGroup;
			children = (
				F21EB5A427A7D80B003698CD /* Cell */,
				F21EB5A127A7D5B6003698CD /* Controller */,
			);
			path = Collection;
			sourceTree = "<group>";
		};
		F21EB5A127A7D5B6003698CD /* Controller */ = {
			isa = PBXGroup;
			children = (
				F21EB5A227A7D5D3003698CD /* FriendCollectionViewController.swift */,
			);
			path = Controller;
			sourceTree = "<group>";
		};
		F21EB5A427A7D80B003698CD /* Cell */ = {
			isa = PBXGroup;
			children = (
				F21EB5A527A7D829003698CD /* FriendCollectionViewCell.swift */,
			);
			path = Cell;
			sourceTree = "<group>";
		};
		F21EB5A727A7F0C7003698CD /* CommonCell */ = {
			isa = PBXGroup;
			children = (
				F21EB5A827A7F0E0003698CD /* GroupTableViewCell.swift */,
			);
			path = CommonCell;
			sourceTree = "<group>";
		};
		F21EB5AA27A7FC0E003698CD /* FavoriteGroups */ = {
			isa = PBXGroup;
			children = (
				F22E014B27A6BE4100B0FB27 /* Controller */,
			);
			path = FavoriteGroups;
			sourceTree = "<group>";
		};
		F21EB5AB27A7FC1B003698CD /* AllGroups */ = {
			isa = PBXGroup;
			children = (
				F21EB5AC27A7FCB8003698CD /* Controller */,
			);
			path = AllGroups;
			sourceTree = "<group>";
		};
		F21EB5AC27A7FCB8003698CD /* Controller */ = {
			isa = PBXGroup;
			children = (
				F21EB5AD27A7FE35003698CD /* AllGroupsListViewController.swift */,
			);
			path = Controller;
			sourceTree = "<group>";
		};
		F21EB5AF27A80E2B003698CD /* TabBarContoller */ = {
			isa = PBXGroup;
			children = (
				F2890BDF27AD76950038AF8F /* NewsList */,
				F22E014627A6BDB900B0FB27 /* Friends */,
				F22E014A27A6BE3900B0FB27 /* Groups */,
				F281597A27A27C9F0061F2B8 /* TabBarViewController.swift */,
			);
			path = TabBarContoller;
			sourceTree = "<group>";
		};
		F22E014627A6BDB900B0FB27 /* Friends */ = {
			isa = PBXGroup;
			children = (
				F21EB5A027A7D581003698CD /* Collection */,
				F21B778227AEBA7F0032F8B5 /* List */,
			);
			path = Friends;
			sourceTree = "<group>";
		};
		F22E014727A6BE0400B0FB27 /* Controller */ = {
			isa = PBXGroup;
			children = (
				F22E014827A6BE1800B0FB27 /* FriendsViewController.swift */,
			);
			path = Controller;
			sourceTree = "<group>";
		};
		F22E014A27A6BE3900B0FB27 /* Groups */ = {
			isa = PBXGroup;
			children = (
				F24E7A7427AC406400E12148 /* SearchBarHeader */,
				F21EB5A727A7F0C7003698CD /* CommonCell */,
				F21EB5AB27A7FC1B003698CD /* AllGroups */,
				F21EB5AA27A7FC0E003698CD /* FavoriteGroups */,
			);
			path = Groups;
			sourceTree = "<group>";
		};
		F22E014B27A6BE4100B0FB27 /* Controller */ = {
			isa = PBXGroup;
			children = (
				F22E014C27A6BE5100B0FB27 /* FavoriteGroupsListViewController.swift */,
			);
			path = Controller;
			sourceTree = "<group>";
		};
		F22E014E27A6BF4800B0FB27 /* Cell */ = {
			isa = PBXGroup;
			children = (
				F22E014F27A6BF5F00B0FB27 /* FriendsTableViewCell.swift */,
			);
			path = Cell;
			sourceTree = "<group>";
		};
		F22E015227A6BFCD00B0FB27 /* Model */ = {
			isa = PBXGroup;
			children = (
				F299703D27E0C9EA006684BD /* RealmModel */,
				F25580F227CBB930008820DD /* JSONResponse.swift */,
			);
			path = Model;
			sourceTree = "<group>";
		};
		F24E7A7127AC12AA00E12148 /* HeaderSection */ = {
			isa = PBXGroup;
			children = (
				F24E7A7227AC12D400E12148 /* FriendsHeaderSectionTableView.swift */,
			);
			path = HeaderSection;
			sourceTree = "<group>";
		};
		F24E7A7427AC406400E12148 /* SearchBarHeader */ = {
			isa = PBXGroup;
			children = (
				F2890BDD27AD22E80038AF8F /* SearchBarHeaderTableView.swift */,
			);
			path = SearchBarHeader;
			sourceTree = "<group>";
		};
		F252990B27A93E9600E10CEF /* CustomView */ = {
			isa = PBXGroup;
			children = (
				F252990C27A93EB200E10CEF /* AvatarView.swift */,
			);
			path = CustomView;
			sourceTree = "<group>";
		};
		F28037B427C8CE37004AE857 /* Login */ = {
			isa = PBXGroup;
			children = (
				F28037B627C8CE9F004AE857 /* LoginViewController.swift */,
			);
			path = Login;
			sourceTree = "<group>";
		};
		F285765D27D61CD400B6069F /* Configuration */ = {
			isa = PBXGroup;
			children = (
				F210041C27A1352B00073B94 /* Info.plist */,
			);
			path = Configuration;
			sourceTree = "<group>";
		};
		F285765E27D61D7700B6069F /* Presention */ = {
			isa = PBXGroup;
			children = (
				F21EB5AF27A80E2B003698CD /* TabBarContoller */,
				F28037B427C8CE37004AE857 /* Login */,
				F285766127D62BAB00B6069F /* StartViewController.swift */,
			);
			path = Presention;
			sourceTree = "<group>";
		};
		F285765F27D61D9F00B6069F /* AppDelegate */ = {
			isa = PBXGroup;
			children = (
				F210040E27A1352A00073B94 /* AppDelegate.swift */,
				F210041027A1352A00073B94 /* SceneDelegate.swift */,
			);
			path = AppDelegate;
			sourceTree = "<group>";
		};
		F285766027D61DC300B6069F /* Resource */ = {
			isa = PBXGroup;
			children = (
				F210041727A1352B00073B94 /* Assets.xcassets */,
			);
			path = Resource;
			sourceTree = "<group>";
		};
		F2890BDF27AD76950038AF8F /* NewsList */ = {
			isa = PBXGroup;
			children = (
				F2890BE327AD78B50038AF8F /* Cell */,
				F2890BE227AD78A60038AF8F /* Controller */,
			);
			path = NewsList;
			sourceTree = "<group>";
		};
		F2890BE227AD78A60038AF8F /* Controller */ = {
			isa = PBXGroup;
			children = (
				F2890BE027AD769E0038AF8F /* NewsTableViewController.swift */,
			);
			path = Controller;
			sourceTree = "<group>";
		};
		F2890BE327AD78B50038AF8F /* Cell */ = {
			isa = PBXGroup;
			children = (
				F2890BE427AD78DF0038AF8F /* NewsTableViewCell.swift */,
			);
			path = Cell;
			sourceTree = "<group>";
		};
		F299703D27E0C9EA006684BD /* RealmModel */ = {
			isa = PBXGroup;
			children = (
				F299703727E0C92C006684BD /* FriendModelApi.swift */,
				F299703927E0C957006684BD /* PhotoModelApi.swift */,
				F299703B27E0C97C006684BD /* GroupModelApi.swift */,
			);
			path = RealmModel;
			sourceTree = "<group>";
		};
		F299703E27E0DD71006684BD /* NetworkService */ = {
			isa = PBXGroup;
			children = (
				F299703F27E0DDD9006684BD /* RealmService */,
				F2B76B8227D74BC4006BA2A1 /* LoaderImage.swift */,
				F20A6B8C27B43D10007AE5E6 /* ApiVK.swift */,
			);
			path = NetworkService;
			sourceTree = "<group>";
		};
		F299703F27E0DDD9006684BD /* RealmService */ = {
			isa = PBXGroup;
			children = (
				F299704027E0DEEE006684BD /* RealmCacheService.swift */,
			);
			path = RealmService;
			sourceTree = "<group>";
		};
/* End PBXGroup section */

/* Begin PBXNativeTarget section */
		F210040A27A1352A00073B94 /* vk-withoutStoryboard */ = {
			isa = PBXNativeTarget;
			buildConfigurationList = F210041F27A1352B00073B94 /* Build configuration list for PBXNativeTarget "vk-withoutStoryboard" */;
			buildPhases = (
				F210040727A1352A00073B94 /* Sources */,
				F210040827A1352A00073B94 /* Frameworks */,
				F210040927A1352A00073B94 /* Resources */,
			);
			buildRules = (
			);
			dependencies = (
			);
			name = "vk-withoutStoryboard";
			packageProductDependencies = (
				F23838DC27D0C743006D1B2C /* KeychainSwift */,
				F25AE76427D1E1FD00AADE0D /* Realm */,
				F25AE76627D1E1FD00AADE0D /* RealmSwift */,
			);
			productName = "firstApp-withoutStoryboard";
			productReference = F210040B27A1352A00073B94 /* vk-withoutStoryboard.app */;
			productType = "com.apple.product-type.application";
		};
/* End PBXNativeTarget section */

/* Begin PBXProject section */
		F210040327A1352A00073B94 /* Project object */ = {
			isa = PBXProject;
			attributes = {
				BuildIndependentTargetsInParallel = 1;
				LastSwiftUpdateCheck = 1320;
				LastUpgradeCheck = 1320;
				TargetAttributes = {
					F210040A27A1352A00073B94 = {
						CreatedOnToolsVersion = 13.2.1;
					};
				};
			};
			buildConfigurationList = F210040627A1352A00073B94 /* Build configuration list for PBXProject "vk-withoutStoryboard" */;
			compatibilityVersion = "Xcode 13.0";
			developmentRegion = en;
			hasScannedForEncodings = 0;
			knownRegions = (
				en,
				Base,
			);
			mainGroup = F210040227A1352A00073B94;
			packageReferences = (
				F23838DB27D0C743006D1B2C /* XCRemoteSwiftPackageReference "keychain-swift" */,
				F25AE76327D1E1FD00AADE0D /* XCRemoteSwiftPackageReference "realm-swift" */,
			);
			productRefGroup = F210040C27A1352A00073B94 /* Products */;
			projectDirPath = "";
			projectRoot = "";
			targets = (
				F210040A27A1352A00073B94 /* vk-withoutStoryboard */,
			);
		};
/* End PBXProject section */

/* Begin PBXResourcesBuildPhase section */
		F210040927A1352A00073B94 /* Resources */ = {
			isa = PBXResourcesBuildPhase;
			buildActionMask = 2147483647;
			files = (
				F210041B27A1352B00073B94 /* LaunchScreen.storyboard in Resources */,
				F210041827A1352B00073B94 /* Assets.xcassets in Resources */,
			);
			runOnlyForDeploymentPostprocessing = 0;
		};
/* End PBXResourcesBuildPhase section */

/* Begin PBXSourcesBuildPhase section */
		F210040727A1352A00073B94 /* Sources */ = {
			isa = PBXSourcesBuildPhase;
			buildActionMask = 2147483647;
			files = (
				F2890BDE27AD22E80038AF8F /* SearchBarHeaderTableView.swift in Sources */,
				F21EB5AE27A7FE35003698CD /* AllGroupsListViewController.swift in Sources */,
				F285766227D62BAB00B6069F /* StartViewController.swift in Sources */,
				F20A6B8D27B43D10007AE5E6 /* ApiVK.swift in Sources */,
				F22E014D27A6BE5100B0FB27 /* FavoriteGroupsListViewController.swift in Sources */,
				F24E7A7327AC12D400E12148 /* FriendsHeaderSectionTableView.swift in Sources */,
				F29F4C1027CF6BED00D766F2 /* Keychain.swift in Sources */,
				F28037B727C8CE9F004AE857 /* LoginViewController.swift in Sources */,
				F299704127E0DEEE006684BD /* RealmCacheService.swift in Sources */,
				F22E015027A6BF5F00B0FB27 /* FriendsTableViewCell.swift in Sources */,
				F299703827E0C92C006684BD /* FriendModelApi.swift in Sources */,
				F2890BE127AD769E0038AF8F /* NewsTableViewController.swift in Sources */,
				F25580F327CBB930008820DD /* JSONResponse.swift in Sources */,
				F299703C27E0C97C006684BD /* GroupModelApi.swift in Sources */,
				F252990D27A93EB200E10CEF /* AvatarView.swift in Sources */,
				F25869ED27A934F100A86D87 /* LikeControl.swift in Sources */,
				F2890BE527AD78DF0038AF8F /* NewsTableViewCell.swift in Sources */,
				F29900CA27D368A4003186C9 /* PhotoCache.swift in Sources */,
				F210040F27A1352A00073B94 /* AppDelegate.swift in Sources */,
				F21EB5A327A7D5D3003698CD /* FriendCollectionViewController.swift in Sources */,
				F23556E427B1048A0032E049 /* LoadingView.swift in Sources */,
				F21EB5A927A7F0E0003698CD /* GroupTableViewCell.swift in Sources */,
				F281597B27A27C9F0061F2B8 /* TabBarViewController.swift in Sources */,
				F21EB5A627A7D829003698CD /* FriendCollectionViewCell.swift in Sources */,
				F22E014927A6BE1800B0FB27 /* FriendsViewController.swift in Sources */,
				F2B76B8327D74BC4006BA2A1 /* LoaderImage.swift in Sources */,
				F210041127A1352A00073B94 /* SceneDelegate.swift in Sources */,
				F299703A27E0C957006684BD /* PhotoModelApi.swift in Sources */,
			);
			runOnlyForDeploymentPostprocessing = 0;
		};
/* End PBXSourcesBuildPhase section */

/* Begin PBXVariantGroup section */
		F210041927A1352B00073B94 /* LaunchScreen.storyboard */ = {
			isa = PBXVariantGroup;
			children = (
				F210041A27A1352B00073B94 /* Base */,
			);
			name = LaunchScreen.storyboard;
			sourceTree = "<group>";
		};
/* End PBXVariantGroup section */

/* Begin XCBuildConfiguration section */
		F210041D27A1352B00073B94 /* Debug */ = {
			isa = XCBuildConfiguration;
			buildSettings = {
				ALWAYS_SEARCH_USER_PATHS = NO;
				CLANG_ANALYZER_NONNULL = YES;
				CLANG_ANALYZER_NUMBER_OBJECT_CONVERSION = YES_AGGRESSIVE;
				CLANG_CXX_LANGUAGE_STANDARD = "gnu++17";
				CLANG_CXX_LIBRARY = "libc++";
				CLANG_ENABLE_MODULES = YES;
				CLANG_ENABLE_OBJC_ARC = YES;
				CLANG_ENABLE_OBJC_WEAK = YES;
				CLANG_WARN_BLOCK_CAPTURE_AUTORELEASING = YES;
				CLANG_WARN_BOOL_CONVERSION = YES;
				CLANG_WARN_COMMA = YES;
				CLANG_WARN_CONSTANT_CONVERSION = YES;
				CLANG_WARN_DEPRECATED_OBJC_IMPLEMENTATIONS = YES;
				CLANG_WARN_DIRECT_OBJC_ISA_USAGE = YES_ERROR;
				CLANG_WARN_DOCUMENTATION_COMMENTS = YES;
				CLANG_WARN_EMPTY_BODY = YES;
				CLANG_WARN_ENUM_CONVERSION = YES;
				CLANG_WARN_INFINITE_RECURSION = YES;
				CLANG_WARN_INT_CONVERSION = YES;
				CLANG_WARN_NON_LITERAL_NULL_CONVERSION = YES;
				CLANG_WARN_OBJC_IMPLICIT_RETAIN_SELF = YES;
				CLANG_WARN_OBJC_LITERAL_CONVERSION = YES;
				CLANG_WARN_OBJC_ROOT_CLASS = YES_ERROR;
				CLANG_WARN_QUOTED_INCLUDE_IN_FRAMEWORK_HEADER = YES;
				CLANG_WARN_RANGE_LOOP_ANALYSIS = YES;
				CLANG_WARN_STRICT_PROTOTYPES = YES;
				CLANG_WARN_SUSPICIOUS_MOVE = YES;
				CLANG_WARN_UNGUARDED_AVAILABILITY = YES_AGGRESSIVE;
				CLANG_WARN_UNREACHABLE_CODE = YES;
				CLANG_WARN__DUPLICATE_METHOD_MATCH = YES;
				COPY_PHASE_STRIP = NO;
				DEBUG_INFORMATION_FORMAT = dwarf;
				ENABLE_STRICT_OBJC_MSGSEND = YES;
				ENABLE_TESTABILITY = YES;
				GCC_C_LANGUAGE_STANDARD = gnu11;
				GCC_DYNAMIC_NO_PIC = NO;
				GCC_NO_COMMON_BLOCKS = YES;
				GCC_OPTIMIZATION_LEVEL = 0;
				GCC_PREPROCESSOR_DEFINITIONS = (
					"DEBUG=1",
					"$(inherited)",
				);
				GCC_WARN_64_TO_32_BIT_CONVERSION = YES;
				GCC_WARN_ABOUT_RETURN_TYPE = YES_ERROR;
				GCC_WARN_UNDECLARED_SELECTOR = YES;
				GCC_WARN_UNINITIALIZED_AUTOS = YES_AGGRESSIVE;
				GCC_WARN_UNUSED_FUNCTION = YES;
				GCC_WARN_UNUSED_VARIABLE = YES;
				IPHONEOS_DEPLOYMENT_TARGET = 15.2;
				MTL_ENABLE_DEBUG_INFO = INCLUDE_SOURCE;
				MTL_FAST_MATH = YES;
				ONLY_ACTIVE_ARCH = YES;
				SDKROOT = iphoneos;
				SWIFT_ACTIVE_COMPILATION_CONDITIONS = DEBUG;
				SWIFT_OPTIMIZATION_LEVEL = "-Onone";
			};
			name = Debug;
		};
		F210041E27A1352B00073B94 /* Release */ = {
			isa = XCBuildConfiguration;
			buildSettings = {
				ALWAYS_SEARCH_USER_PATHS = NO;
				CLANG_ANALYZER_NONNULL = YES;
				CLANG_ANALYZER_NUMBER_OBJECT_CONVERSION = YES_AGGRESSIVE;
				CLANG_CXX_LANGUAGE_STANDARD = "gnu++17";
				CLANG_CXX_LIBRARY = "libc++";
				CLANG_ENABLE_MODULES = YES;
				CLANG_ENABLE_OBJC_ARC = YES;
				CLANG_ENABLE_OBJC_WEAK = YES;
				CLANG_WARN_BLOCK_CAPTURE_AUTORELEASING = YES;
				CLANG_WARN_BOOL_CONVERSION = YES;
				CLANG_WARN_COMMA = YES;
				CLANG_WARN_CONSTANT_CONVERSION = YES;
				CLANG_WARN_DEPRECATED_OBJC_IMPLEMENTATIONS = YES;
				CLANG_WARN_DIRECT_OBJC_ISA_USAGE = YES_ERROR;
				CLANG_WARN_DOCUMENTATION_COMMENTS = YES;
				CLANG_WARN_EMPTY_BODY = YES;
				CLANG_WARN_ENUM_CONVERSION = YES;
				CLANG_WARN_INFINITE_RECURSION = YES;
				CLANG_WARN_INT_CONVERSION = YES;
				CLANG_WARN_NON_LITERAL_NULL_CONVERSION = YES;
				CLANG_WARN_OBJC_IMPLICIT_RETAIN_SELF = YES;
				CLANG_WARN_OBJC_LITERAL_CONVERSION = YES;
				CLANG_WARN_OBJC_ROOT_CLASS = YES_ERROR;
				CLANG_WARN_QUOTED_INCLUDE_IN_FRAMEWORK_HEADER = YES;
				CLANG_WARN_RANGE_LOOP_ANALYSIS = YES;
				CLANG_WARN_STRICT_PROTOTYPES = YES;
				CLANG_WARN_SUSPICIOUS_MOVE = YES;
				CLANG_WARN_UNGUARDED_AVAILABILITY = YES_AGGRESSIVE;
				CLANG_WARN_UNREACHABLE_CODE = YES;
				CLANG_WARN__DUPLICATE_METHOD_MATCH = YES;
				COPY_PHASE_STRIP = NO;
				DEBUG_INFORMATION_FORMAT = "dwarf-with-dsym";
				ENABLE_NS_ASSERTIONS = NO;
				ENABLE_STRICT_OBJC_MSGSEND = YES;
				GCC_C_LANGUAGE_STANDARD = gnu11;
				GCC_NO_COMMON_BLOCKS = YES;
				GCC_WARN_64_TO_32_BIT_CONVERSION = YES;
				GCC_WARN_ABOUT_RETURN_TYPE = YES_ERROR;
				GCC_WARN_UNDECLARED_SELECTOR = YES;
				GCC_WARN_UNINITIALIZED_AUTOS = YES_AGGRESSIVE;
				GCC_WARN_UNUSED_FUNCTION = YES;
				GCC_WARN_UNUSED_VARIABLE = YES;
				IPHONEOS_DEPLOYMENT_TARGET = 15.2;
				MTL_ENABLE_DEBUG_INFO = NO;
				MTL_FAST_MATH = YES;
				SDKROOT = iphoneos;
				SWIFT_COMPILATION_MODE = wholemodule;
				SWIFT_OPTIMIZATION_LEVEL = "-O";
				VALIDATE_PRODUCT = YES;
			};
			name = Release;
		};
		F210042027A1352B00073B94 /* Debug */ = {
			isa = XCBuildConfiguration;
			buildSettings = {
				ASSETCATALOG_COMPILER_APPICON_NAME = AppIcon;
				ASSETCATALOG_COMPILER_GLOBAL_ACCENT_COLOR_NAME = AccentColor;
				CODE_SIGN_STYLE = Automatic;
				CURRENT_PROJECT_VERSION = 1;
				DEVELOPMENT_TEAM = 97UL48L835;
				GENERATE_INFOPLIST_FILE = YES;
				INFOPLIST_FILE = "vk-withoutStoryboard/Configuration/Info.plist";
				INFOPLIST_KEY_CFBundleDisplayName = "vk-no-storyboard";
				INFOPLIST_KEY_UIApplicationSupportsIndirectInputEvents = YES;
				INFOPLIST_KEY_UILaunchStoryboardName = LaunchScreen;
				INFOPLIST_KEY_UISupportedInterfaceOrientations_iPad = "UIInterfaceOrientationPortrait UIInterfaceOrientationPortraitUpsideDown UIInterfaceOrientationLandscapeLeft UIInterfaceOrientationLandscapeRight";
				INFOPLIST_KEY_UISupportedInterfaceOrientations_iPhone = "UIInterfaceOrientationPortrait UIInterfaceOrientationLandscapeLeft UIInterfaceOrientationLandscapeRight";
				LD_RUNPATH_SEARCH_PATHS = (
					"$(inherited)",
					"@executable_path/Frameworks",
				);
				MARKETING_VERSION = 1.0;
				PRODUCT_BUNDLE_IDENTIFIER = "gb.vk-withoutStoryboard";
				PRODUCT_NAME = "$(TARGET_NAME)";
				SWIFT_EMIT_LOC_STRINGS = YES;
				SWIFT_VERSION = 5.0;
				TARGETED_DEVICE_FAMILY = "1,2";
			};
			name = Debug;
		};
		F210042127A1352B00073B94 /* Release */ = {
			isa = XCBuildConfiguration;
			buildSettings = {
				ASSETCATALOG_COMPILER_APPICON_NAME = AppIcon;
				ASSETCATALOG_COMPILER_GLOBAL_ACCENT_COLOR_NAME = AccentColor;
				CODE_SIGN_STYLE = Automatic;
				CURRENT_PROJECT_VERSION = 1;
				DEVELOPMENT_TEAM = 97UL48L835;
				GENERATE_INFOPLIST_FILE = YES;
				INFOPLIST_FILE = "vk-withoutStoryboard/Configuration/Info.plist";
				INFOPLIST_KEY_CFBundleDisplayName = "vk-no-storyboard";
				INFOPLIST_KEY_UIApplicationSupportsIndirectInputEvents = YES;
				INFOPLIST_KEY_UILaunchStoryboardName = LaunchScreen;
				INFOPLIST_KEY_UISupportedInterfaceOrientations_iPad = "UIInterfaceOrientationPortrait UIInterfaceOrientationPortraitUpsideDown UIInterfaceOrientationLandscapeLeft UIInterfaceOrientationLandscapeRight";
				INFOPLIST_KEY_UISupportedInterfaceOrientations_iPhone = "UIInterfaceOrientationPortrait UIInterfaceOrientationLandscapeLeft UIInterfaceOrientationLandscapeRight";
				LD_RUNPATH_SEARCH_PATHS = (
					"$(inherited)",
					"@executable_path/Frameworks",
				);
				MARKETING_VERSION = 1.0;
				PRODUCT_BUNDLE_IDENTIFIER = "gb.vk-withoutStoryboard";
				PRODUCT_NAME = "$(TARGET_NAME)";
				SWIFT_EMIT_LOC_STRINGS = YES;
				SWIFT_VERSION = 5.0;
				TARGETED_DEVICE_FAMILY = "1,2";
			};
			name = Release;
		};
/* End XCBuildConfiguration section */

/* Begin XCConfigurationList section */
		F210040627A1352A00073B94 /* Build configuration list for PBXProject "vk-withoutStoryboard" */ = {
			isa = XCConfigurationList;
			buildConfigurations = (
				F210041D27A1352B00073B94 /* Debug */,
				F210041E27A1352B00073B94 /* Release */,
			);
			defaultConfigurationIsVisible = 0;
			defaultConfigurationName = Release;
		};
		F210041F27A1352B00073B94 /* Build configuration list for PBXNativeTarget "vk-withoutStoryboard" */ = {
			isa = XCConfigurationList;
			buildConfigurations = (
				F210042027A1352B00073B94 /* Debug */,
				F210042127A1352B00073B94 /* Release */,
			);
			defaultConfigurationIsVisible = 0;
			defaultConfigurationName = Release;
		};
/* End XCConfigurationList section */

/* Begin XCRemoteSwiftPackageReference section */
		F23838DB27D0C743006D1B2C /* XCRemoteSwiftPackageReference "keychain-swift" */ = {
			isa = XCRemoteSwiftPackageReference;
			repositoryURL = "https://github.com/evgenyneu/keychain-swift.git";
			requirement = {
				kind = upToNextMajorVersion;
				minimumVersion = 20.0.0;
			};
		};
		F25AE76327D1E1FD00AADE0D /* XCRemoteSwiftPackageReference "realm-swift" */ = {
			isa = XCRemoteSwiftPackageReference;
			repositoryURL = "https://github.com/realm/realm-swift.git";
			requirement = {
				kind = upToNextMajorVersion;
				minimumVersion = 10.23.0;
			};
		};
/* End XCRemoteSwiftPackageReference section */

/* Begin XCSwiftPackageProductDependency section */
		F23838DC27D0C743006D1B2C /* KeychainSwift */ = {
			isa = XCSwiftPackageProductDependency;
			package = F23838DB27D0C743006D1B2C /* XCRemoteSwiftPackageReference "keychain-swift" */;
			productName = KeychainSwift;
		};
		F25AE76427D1E1FD00AADE0D /* Realm */ = {
			isa = XCSwiftPackageProductDependency;
			package = F25AE76327D1E1FD00AADE0D /* XCRemoteSwiftPackageReference "realm-swift" */;
			productName = Realm;
		};
		F25AE76627D1E1FD00AADE0D /* RealmSwift */ = {
			isa = XCSwiftPackageProductDependency;
			package = F25AE76327D1E1FD00AADE0D /* XCRemoteSwiftPackageReference "realm-swift" */;
			productName = RealmSwift;
		};
/* End XCSwiftPackageProductDependency section */
	};
	rootObject = F210040327A1352A00073B94 /* Project object */;
}
