// !$*UTF8*$!
{
	archiveVersion = 1;
	classes = {
	};
	objectVersion = 55;
	objects = {

/* Begin PBXBuildFile section */
		F2070D04283376FE0066DEEF /* EndpointBase.swift in Sources */ = {isa = PBXBuildFile; fileRef = F2070D03283376FE0066DEEF /* EndpointBase.swift */; };
		F2070D062833775E0066DEEF /* RequestMethod.swift in Sources */ = {isa = PBXBuildFile; fileRef = F2070D052833775E0066DEEF /* RequestMethod.swift */; };
		F2070D082833777A0066DEEF /* RequestError.swift in Sources */ = {isa = PBXBuildFile; fileRef = F2070D072833777A0066DEEF /* RequestError.swift */; };
		F2070D0A283377AD0066DEEF /* ApiLayer.swift in Sources */ = {isa = PBXBuildFile; fileRef = F2070D09283377AD0066DEEF /* ApiLayer.swift */; };
		F2070D0E283378DD0066DEEF /* ApiEndpoint.swift in Sources */ = {isa = PBXBuildFile; fileRef = F2070D0D283378DD0066DEEF /* ApiEndpoint.swift */; };
		F210040F27A1352A00073B94 /* AppDelegate.swift in Sources */ = {isa = PBXBuildFile; fileRef = F210040E27A1352A00073B94 /* AppDelegate.swift */; };
		F210041127A1352A00073B94 /* SceneDelegate.swift in Sources */ = {isa = PBXBuildFile; fileRef = F210041027A1352A00073B94 /* SceneDelegate.swift */; };
		F210041827A1352B00073B94 /* Assets.xcassets in Resources */ = {isa = PBXBuildFile; fileRef = F210041727A1352B00073B94 /* Assets.xcassets */; };
		F210041B27A1352B00073B94 /* LaunchScreen.storyboard in Resources */ = {isa = PBXBuildFile; fileRef = F210041927A1352B00073B94 /* LaunchScreen.storyboard */; };
		F21EB5A327A7D5D3003698CD /* FriendCollectionViewController.swift in Sources */ = {isa = PBXBuildFile; fileRef = F21EB5A227A7D5D3003698CD /* FriendCollectionViewController.swift */; };
		F21EB5A627A7D829003698CD /* FriendCollectionViewCell.swift in Sources */ = {isa = PBXBuildFile; fileRef = F21EB5A527A7D829003698CD /* FriendCollectionViewCell.swift */; };
		F21EB5A927A7F0E0003698CD /* GroupTableViewCell.swift in Sources */ = {isa = PBXBuildFile; fileRef = F21EB5A827A7F0E0003698CD /* GroupTableViewCell.swift */; };
		F22E014927A6BE1800B0FB27 /* FriendsViewController.swift in Sources */ = {isa = PBXBuildFile; fileRef = F22E014827A6BE1800B0FB27 /* FriendsViewController.swift */; };
		F22E015027A6BF5F00B0FB27 /* FriendsTableViewCell.swift in Sources */ = {isa = PBXBuildFile; fileRef = F22E014F27A6BF5F00B0FB27 /* FriendsTableViewCell.swift */; };
		F23556E427B1048A0032E049 /* LoadingView.swift in Sources */ = {isa = PBXBuildFile; fileRef = F23556E327B1048A0032E049 /* LoadingView.swift */; };
		F23838DD27D0C743006D1B2C /* KeychainSwift in Frameworks */ = {isa = PBXBuildFile; productRef = F23838DC27D0C743006D1B2C /* KeychainSwift */; };
		F245ADE6282FE6BD006ADDD1 /* .swiftlint.yml in Resources */ = {isa = PBXBuildFile; fileRef = F245ADE5282FE6BD006ADDD1 /* .swiftlint.yml */; };
		F245ADE8282FEB0F006ADDD1 /* UIColor.swift in Sources */ = {isa = PBXBuildFile; fileRef = F245ADE7282FEB0F006ADDD1 /* UIColor.swift */; };
		F24E7A7327AC12D400E12148 /* FriendsHeaderSectionTableView.swift in Sources */ = {isa = PBXBuildFile; fileRef = F24E7A7227AC12D400E12148 /* FriendsHeaderSectionTableView.swift */; };
		F252990D27A93EB200E10CEF /* AvatarView.swift in Sources */ = {isa = PBXBuildFile; fileRef = F252990C27A93EB200E10CEF /* AvatarView.swift */; };
		F25580F327CBB930008820DD /* Responses.swift in Sources */ = {isa = PBXBuildFile; fileRef = F25580F227CBB930008820DD /* Responses.swift */; };
		F25869ED27A934F100A86D87 /* LikeControl.swift in Sources */ = {isa = PBXBuildFile; fileRef = F25869EC27A934F100A86D87 /* LikeControl.swift */; };
		F25AE76527D1E1FD00AADE0D /* Realm in Frameworks */ = {isa = PBXBuildFile; productRef = F25AE76427D1E1FD00AADE0D /* Realm */; };
		F25AE76727D1E1FD00AADE0D /* RealmSwift in Frameworks */ = {isa = PBXBuildFile; productRef = F25AE76627D1E1FD00AADE0D /* RealmSwift */; };
		F26C4ABD27F6FAA70081FB66 /* FriendsListScreenProvider.swift in Sources */ = {isa = PBXBuildFile; fileRef = F26C4ABC27F6FAA70081FB66 /* FriendsListScreenProvider.swift */; };
		F26C4AC127F706A10081FB66 /* FriendPhotosScreenProvider.swift in Sources */ = {isa = PBXBuildFile; fileRef = F26C4AC027F706A10081FB66 /* FriendPhotosScreenProvider.swift */; };
		F26C4AC427F70CE50081FB66 /* CatalogGroupsScreenProvider.swift in Sources */ = {isa = PBXBuildFile; fileRef = F26C4AC327F70CE50081FB66 /* CatalogGroupsScreenProvider.swift */; };
		F26C4AC727F718290081FB66 /* FavoriteGroupsScreenProvider.swift in Sources */ = {isa = PBXBuildFile; fileRef = F26C4AC627F718290081FB66 /* FavoriteGroupsScreenProvider.swift */; };
		F270D17F2836266C00A26280 /* RequestBase.swift in Sources */ = {isa = PBXBuildFile; fileRef = F270D17E2836266C00A26280 /* RequestBase.swift */; };
		F278306C285CE6A900DE5C3D /* GroupModel.swift in Sources */ = {isa = PBXBuildFile; fileRef = F278306B285CE6A900DE5C3D /* GroupModel.swift */; };
		F281597B27A27C9F0061F2B8 /* TabBarViewController.swift in Sources */ = {isa = PBXBuildFile; fileRef = F281597A27A27C9F0061F2B8 /* TabBarViewController.swift */; };
		F285766227D62BAB00B6069F /* StartViewController.swift in Sources */ = {isa = PBXBuildFile; fileRef = F285766127D62BAB00B6069F /* StartViewController.swift */; };
		F286F8FF27FC5BAA008E9B2B /* GoogleService-Info.plist in Resources */ = {isa = PBXBuildFile; fileRef = F286F8FE27FC5BAA008E9B2B /* GoogleService-Info.plist */; };
		F287CA0D283A56D2000AF975 /* DateFormaterHelper.swift in Sources */ = {isa = PBXBuildFile; fileRef = F287CA0C283A56D2000AF975 /* DateFormaterHelper.swift */; };
		F287CA0F283A674B000AF975 /* PhotoNSCacheLayer.swift in Sources */ = {isa = PBXBuildFile; fileRef = F287CA0E283A674B000AF975 /* PhotoNSCacheLayer.swift */; };
		F2890BDE27AD22E80038AF8F /* SearchBarHeaderView.swift in Sources */ = {isa = PBXBuildFile; fileRef = F2890BDD27AD22E80038AF8F /* SearchBarHeaderView.swift */; };
		F28C8E6028323807003C648D /* FavoriteGroupsListViewController.swift in Sources */ = {isa = PBXBuildFile; fileRef = F28C8E5C28323807003C648D /* FavoriteGroupsListViewController.swift */; };
		F28C8E6128323807003C648D /* CatalogGroupsListViewController.swift in Sources */ = {isa = PBXBuildFile; fileRef = F28C8E5F28323807003C648D /* CatalogGroupsListViewController.swift */; };
		F28CD2C8280D57FC002FEBF9 /* NewsTableViewController.swift in Sources */ = {isa = PBXBuildFile; fileRef = F28CD2C7280D57FC002FEBF9 /* NewsTableViewController.swift */; };
		F28CD2CB280D5B42002FEBF9 /* NewsScreenProvider.swift in Sources */ = {isa = PBXBuildFile; fileRef = F28CD2CA280D5B42002FEBF9 /* NewsScreenProvider.swift */; };
		F28CD2CD280D6490002FEBF9 /* NewsPostModel.swift in Sources */ = {isa = PBXBuildFile; fileRef = F28CD2CC280D6490002FEBF9 /* NewsPostModel.swift */; };
		F28CD2CF280D78EB002FEBF9 /* NewsProfileModel.swift in Sources */ = {isa = PBXBuildFile; fileRef = F28CD2CE280D78EB002FEBF9 /* NewsProfileModel.swift */; };
		F28CD2D2280D79DE002FEBF9 /* NewsGroupModel.swift in Sources */ = {isa = PBXBuildFile; fileRef = F28CD2D1280D79DE002FEBF9 /* NewsGroupModel.swift */; };
		F28CD2D4280D8678002FEBF9 /* NewsProfileTableViewCell.swift in Sources */ = {isa = PBXBuildFile; fileRef = F28CD2D3280D8678002FEBF9 /* NewsProfileTableViewCell.swift */; };
		F28CD2D8280D95CC002FEBF9 /* NewsGroupProfileTableViewCell.swift in Sources */ = {isa = PBXBuildFile; fileRef = F28CD2D7280D95CC002FEBF9 /* NewsGroupProfileTableViewCell.swift */; };
		F28CD2DA280D9627002FEBF9 /* NewsHeaderTableViewCell.swift in Sources */ = {isa = PBXBuildFile; fileRef = F28CD2D9280D9627002FEBF9 /* NewsHeaderTableViewCell.swift */; };
		F28CD2DD280D9BFB002FEBF9 /* NewsTextTableViewCell.swift in Sources */ = {isa = PBXBuildFile; fileRef = F28CD2DC280D9BFB002FEBF9 /* NewsTextTableViewCell.swift */; };
		F28CD2E0280DA2FF002FEBF9 /* NewsPhotosTableViewCell.swift in Sources */ = {isa = PBXBuildFile; fileRef = F28CD2DF280DA2FF002FEBF9 /* NewsPhotosTableViewCell.swift */; };
		F2912AD82840E36E009D3193 /* MyError.swift in Sources */ = {isa = PBXBuildFile; fileRef = F2912AD72840E36E009D3193 /* MyError.swift */; };
		F2982B0B27E33E6B00186F8D /* RLMFriend.swift in Sources */ = {isa = PBXBuildFile; fileRef = F2982B0A27E33E6B00186F8D /* RLMFriend.swift */; };
		F2982B0D27E33E7400186F8D /* RLMPhoto.swift in Sources */ = {isa = PBXBuildFile; fileRef = F2982B0C27E33E7400186F8D /* RLMPhoto.swift */; };
		F2982B0F27E33E8000186F8D /* RMLGroup.swift in Sources */ = {isa = PBXBuildFile; fileRef = F2982B0E27E33E8000186F8D /* RMLGroup.swift */; };
		F29900CA27D368A4003186C9 /* PhotoFileCacheLayer.swift in Sources */ = {isa = PBXBuildFile; fileRef = F29900C927D368A4003186C9 /* PhotoFileCacheLayer.swift */; };
		F299704127E0DEEE006684BD /* RealmLayer.swift in Sources */ = {isa = PBXBuildFile; fileRef = F299704027E0DEEE006684BD /* RealmLayer.swift */; };
		F29C66A5280ED15F0030245D /* NewsFooterTableViewCell.swift in Sources */ = {isa = PBXBuildFile; fileRef = F29C66A4280ED15F0030245D /* NewsFooterTableViewCell.swift */; };
		F29C66AB280EF1250030245D /* AttachmentModel.swift in Sources */ = {isa = PBXBuildFile; fileRef = F29C66AA280EF1250030245D /* AttachmentModel.swift */; };
		F29C66AD280EF17E0030245D /* OtherForPostModel.swift in Sources */ = {isa = PBXBuildFile; fileRef = F29C66AC280EF17E0030245D /* OtherForPostModel.swift */; };
		F29F4C1027CF6BED00D766F2 /* KeychainLayer.swift in Sources */ = {isa = PBXBuildFile; fileRef = F29F4C0F27CF6BED00D766F2 /* KeychainLayer.swift */; };
		F2A4D676285CACA6008A4509 /* FavoriteGroupAdapter.swift in Sources */ = {isa = PBXBuildFile; fileRef = F2A4D675285CACA6008A4509 /* FavoriteGroupAdapter.swift */; };
		F2B76B8327D74BC4006BA2A1 /* LoaderImageLayer.swift in Sources */ = {isa = PBXBuildFile; fileRef = F2B76B8227D74BC4006BA2A1 /* LoaderImageLayer.swift */; };
		F2D042B327F83D94006DC948 /* StartScreenProvider.swift in Sources */ = {isa = PBXBuildFile; fileRef = F2D042B227F83D94006DC948 /* StartScreenProvider.swift */; };
		F2D2876D283F722C00F8B8D1 /* NewsStubTableViewCell.swift in Sources */ = {isa = PBXBuildFile; fileRef = F2D2876C283F722C00F8B8D1 /* NewsStubTableViewCell.swift */; };
		F2DCE950280C31D400027EAE /* LoginViewController.swift in Sources */ = {isa = PBXBuildFile; fileRef = F2DCE94A280C31D400027EAE /* LoginViewController.swift */; };
		F2DCE952280C31D400027EAE /* LoginAutorized.swift in Sources */ = {isa = PBXBuildFile; fileRef = F2DCE94D280C31D400027EAE /* LoginAutorized.swift */; };
		F2DCE953280C31D500027EAE /* LoginScreenProvider.swift in Sources */ = {isa = PBXBuildFile; fileRef = F2DCE94F280C31D400027EAE /* LoginScreenProvider.swift */; };
		F2E3BAAE281C3B410047B760 /* PromiseKit in Frameworks */ = {isa = PBXBuildFile; productRef = F2E3BAAD281C3B410047B760 /* PromiseKit */; };
		F2FCA71F27E7518E0036209B /* RLMLetter.swift in Sources */ = {isa = PBXBuildFile; fileRef = F2FCA71E27E7518E0036209B /* RLMLetter.swift */; };
/* End PBXBuildFile section */

/* Begin PBXFileReference section */
		F2070D03283376FE0066DEEF /* EndpointBase.swift */ = {isa = PBXFileReference; lastKnownFileType = sourcecode.swift; path = EndpointBase.swift; sourceTree = "<group>"; };
		F2070D052833775E0066DEEF /* RequestMethod.swift */ = {isa = PBXFileReference; lastKnownFileType = sourcecode.swift; path = RequestMethod.swift; sourceTree = "<group>"; };
		F2070D072833777A0066DEEF /* RequestError.swift */ = {isa = PBXFileReference; lastKnownFileType = sourcecode.swift; path = RequestError.swift; sourceTree = "<group>"; };
		F2070D09283377AD0066DEEF /* ApiLayer.swift */ = {isa = PBXFileReference; lastKnownFileType = sourcecode.swift; path = ApiLayer.swift; sourceTree = "<group>"; };
		F2070D0D283378DD0066DEEF /* ApiEndpoint.swift */ = {isa = PBXFileReference; lastKnownFileType = sourcecode.swift; path = ApiEndpoint.swift; sourceTree = "<group>"; };
		F210040B27A1352A00073B94 /* vk-withoutStoryboard.app */ = {isa = PBXFileReference; explicitFileType = wrapper.application; includeInIndex = 0; path = "vk-withoutStoryboard.app"; sourceTree = BUILT_PRODUCTS_DIR; };
		F210040E27A1352A00073B94 /* AppDelegate.swift */ = {isa = PBXFileReference; lastKnownFileType = sourcecode.swift; path = AppDelegate.swift; sourceTree = "<group>"; };
		F210041027A1352A00073B94 /* SceneDelegate.swift */ = {isa = PBXFileReference; lastKnownFileType = sourcecode.swift; path = SceneDelegate.swift; sourceTree = "<group>"; };
		F210041727A1352B00073B94 /* Assets.xcassets */ = {isa = PBXFileReference; lastKnownFileType = folder.assetcatalog; path = Assets.xcassets; sourceTree = "<group>"; };
		F210041A27A1352B00073B94 /* Base */ = {isa = PBXFileReference; lastKnownFileType = file.storyboard; name = Base; path = Base.lproj/LaunchScreen.storyboard; sourceTree = "<group>"; };
		F210041C27A1352B00073B94 /* Info.plist */ = {isa = PBXFileReference; lastKnownFileType = text.plist.xml; path = Info.plist; sourceTree = "<group>"; };
		F21EB5A227A7D5D3003698CD /* FriendCollectionViewController.swift */ = {isa = PBXFileReference; lastKnownFileType = sourcecode.swift; path = FriendCollectionViewController.swift; sourceTree = "<group>"; };
		F21EB5A527A7D829003698CD /* FriendCollectionViewCell.swift */ = {isa = PBXFileReference; lastKnownFileType = sourcecode.swift; path = FriendCollectionViewCell.swift; sourceTree = "<group>"; };
		F21EB5A827A7F0E0003698CD /* GroupTableViewCell.swift */ = {isa = PBXFileReference; lastKnownFileType = sourcecode.swift; path = GroupTableViewCell.swift; sourceTree = "<group>"; };
		F22E014827A6BE1800B0FB27 /* FriendsViewController.swift */ = {isa = PBXFileReference; lastKnownFileType = sourcecode.swift; path = FriendsViewController.swift; sourceTree = "<group>"; };
		F22E014F27A6BF5F00B0FB27 /* FriendsTableViewCell.swift */ = {isa = PBXFileReference; lastKnownFileType = sourcecode.swift; path = FriendsTableViewCell.swift; sourceTree = "<group>"; };
		F23556E327B1048A0032E049 /* LoadingView.swift */ = {isa = PBXFileReference; lastKnownFileType = sourcecode.swift; path = LoadingView.swift; sourceTree = "<group>"; };
		F245ADE5282FE6BD006ADDD1 /* .swiftlint.yml */ = {isa = PBXFileReference; lastKnownFileType = text.yaml; path = .swiftlint.yml; sourceTree = "<group>"; };
		F245ADE7282FEB0F006ADDD1 /* UIColor.swift */ = {isa = PBXFileReference; lastKnownFileType = sourcecode.swift; path = UIColor.swift; sourceTree = "<group>"; };
		F24E7A7227AC12D400E12148 /* FriendsHeaderSectionTableView.swift */ = {isa = PBXFileReference; lastKnownFileType = sourcecode.swift; path = FriendsHeaderSectionTableView.swift; sourceTree = "<group>"; };
		F252990C27A93EB200E10CEF /* AvatarView.swift */ = {isa = PBXFileReference; lastKnownFileType = sourcecode.swift; path = AvatarView.swift; sourceTree = "<group>"; };
		F25580F227CBB930008820DD /* Responses.swift */ = {isa = PBXFileReference; lastKnownFileType = sourcecode.swift; path = Responses.swift; sourceTree = "<group>"; };
		F25869EC27A934F100A86D87 /* LikeControl.swift */ = {isa = PBXFileReference; lastKnownFileType = sourcecode.swift; path = LikeControl.swift; sourceTree = "<group>"; };
		F26C4ABC27F6FAA70081FB66 /* FriendsListScreenProvider.swift */ = {isa = PBXFileReference; lastKnownFileType = sourcecode.swift; path = FriendsListScreenProvider.swift; sourceTree = "<group>"; };
		F26C4AC027F706A10081FB66 /* FriendPhotosScreenProvider.swift */ = {isa = PBXFileReference; lastKnownFileType = sourcecode.swift; path = FriendPhotosScreenProvider.swift; sourceTree = "<group>"; };
		F26C4AC327F70CE50081FB66 /* CatalogGroupsScreenProvider.swift */ = {isa = PBXFileReference; lastKnownFileType = sourcecode.swift; path = CatalogGroupsScreenProvider.swift; sourceTree = "<group>"; };
		F26C4AC627F718290081FB66 /* FavoriteGroupsScreenProvider.swift */ = {isa = PBXFileReference; lastKnownFileType = sourcecode.swift; path = FavoriteGroupsScreenProvider.swift; sourceTree = "<group>"; };
		F270D17E2836266C00A26280 /* RequestBase.swift */ = {isa = PBXFileReference; lastKnownFileType = sourcecode.swift; path = RequestBase.swift; sourceTree = "<group>"; };
		F278306B285CE6A900DE5C3D /* GroupModel.swift */ = {isa = PBXFileReference; lastKnownFileType = sourcecode.swift; path = GroupModel.swift; sourceTree = "<group>"; };
		F281597A27A27C9F0061F2B8 /* TabBarViewController.swift */ = {isa = PBXFileReference; lastKnownFileType = sourcecode.swift; path = TabBarViewController.swift; sourceTree = "<group>"; };
		F285766127D62BAB00B6069F /* StartViewController.swift */ = {isa = PBXFileReference; lastKnownFileType = sourcecode.swift; path = StartViewController.swift; sourceTree = "<group>"; };
		F286F8FE27FC5BAA008E9B2B /* GoogleService-Info.plist */ = {isa = PBXFileReference; fileEncoding = 4; lastKnownFileType = text.plist.xml; path = "GoogleService-Info.plist"; sourceTree = "<group>"; };
		F287CA0C283A56D2000AF975 /* DateFormaterHelper.swift */ = {isa = PBXFileReference; lastKnownFileType = sourcecode.swift; path = DateFormaterHelper.swift; sourceTree = "<group>"; };
		F287CA0E283A674B000AF975 /* PhotoNSCacheLayer.swift */ = {isa = PBXFileReference; lastKnownFileType = sourcecode.swift; path = PhotoNSCacheLayer.swift; sourceTree = "<group>"; };
		F2890BDD27AD22E80038AF8F /* SearchBarHeaderView.swift */ = {isa = PBXFileReference; lastKnownFileType = sourcecode.swift; path = SearchBarHeaderView.swift; sourceTree = "<group>"; };
		F28C8E5C28323807003C648D /* FavoriteGroupsListViewController.swift */ = {isa = PBXFileReference; fileEncoding = 4; lastKnownFileType = sourcecode.swift; path = FavoriteGroupsListViewController.swift; sourceTree = "<group>"; };
		F28C8E5F28323807003C648D /* CatalogGroupsListViewController.swift */ = {isa = PBXFileReference; fileEncoding = 4; lastKnownFileType = sourcecode.swift; path = CatalogGroupsListViewController.swift; sourceTree = "<group>"; };
		F28CD2C7280D57FC002FEBF9 /* NewsTableViewController.swift */ = {isa = PBXFileReference; lastKnownFileType = sourcecode.swift; path = NewsTableViewController.swift; sourceTree = "<group>"; };
		F28CD2CA280D5B42002FEBF9 /* NewsScreenProvider.swift */ = {isa = PBXFileReference; lastKnownFileType = sourcecode.swift; path = NewsScreenProvider.swift; sourceTree = "<group>"; };
		F28CD2CC280D6490002FEBF9 /* NewsPostModel.swift */ = {isa = PBXFileReference; lastKnownFileType = sourcecode.swift; path = NewsPostModel.swift; sourceTree = "<group>"; };
		F28CD2CE280D78EB002FEBF9 /* NewsProfileModel.swift */ = {isa = PBXFileReference; lastKnownFileType = sourcecode.swift; path = NewsProfileModel.swift; sourceTree = "<group>"; };
		F28CD2D1280D79DE002FEBF9 /* NewsGroupModel.swift */ = {isa = PBXFileReference; lastKnownFileType = sourcecode.swift; path = NewsGroupModel.swift; sourceTree = "<group>"; };
		F28CD2D3280D8678002FEBF9 /* NewsProfileTableViewCell.swift */ = {isa = PBXFileReference; lastKnownFileType = sourcecode.swift; path = NewsProfileTableViewCell.swift; sourceTree = "<group>"; };
		F28CD2D7280D95CC002FEBF9 /* NewsGroupProfileTableViewCell.swift */ = {isa = PBXFileReference; lastKnownFileType = sourcecode.swift; path = NewsGroupProfileTableViewCell.swift; sourceTree = "<group>"; };
		F28CD2D9280D9627002FEBF9 /* NewsHeaderTableViewCell.swift */ = {isa = PBXFileReference; lastKnownFileType = sourcecode.swift; path = NewsHeaderTableViewCell.swift; sourceTree = "<group>"; };
		F28CD2DC280D9BFB002FEBF9 /* NewsTextTableViewCell.swift */ = {isa = PBXFileReference; lastKnownFileType = sourcecode.swift; path = NewsTextTableViewCell.swift; sourceTree = "<group>"; };
		F28CD2DF280DA2FF002FEBF9 /* NewsPhotosTableViewCell.swift */ = {isa = PBXFileReference; lastKnownFileType = sourcecode.swift; path = NewsPhotosTableViewCell.swift; sourceTree = "<group>"; };
		F2912AD72840E36E009D3193 /* MyError.swift */ = {isa = PBXFileReference; lastKnownFileType = sourcecode.swift; path = MyError.swift; sourceTree = "<group>"; };
		F2982B0A27E33E6B00186F8D /* RLMFriend.swift */ = {isa = PBXFileReference; lastKnownFileType = sourcecode.swift; path = RLMFriend.swift; sourceTree = "<group>"; };
		F2982B0C27E33E7400186F8D /* RLMPhoto.swift */ = {isa = PBXFileReference; lastKnownFileType = sourcecode.swift; path = RLMPhoto.swift; sourceTree = "<group>"; };
		F2982B0E27E33E8000186F8D /* RMLGroup.swift */ = {isa = PBXFileReference; lastKnownFileType = sourcecode.swift; path = RMLGroup.swift; sourceTree = "<group>"; };
		F29900C927D368A4003186C9 /* PhotoFileCacheLayer.swift */ = {isa = PBXFileReference; lastKnownFileType = sourcecode.swift; path = PhotoFileCacheLayer.swift; sourceTree = "<group>"; };
		F299704027E0DEEE006684BD /* RealmLayer.swift */ = {isa = PBXFileReference; lastKnownFileType = sourcecode.swift; path = RealmLayer.swift; sourceTree = "<group>"; };
		F29C66A4280ED15F0030245D /* NewsFooterTableViewCell.swift */ = {isa = PBXFileReference; lastKnownFileType = sourcecode.swift; path = NewsFooterTableViewCell.swift; sourceTree = "<group>"; };
		F29C66AA280EF1250030245D /* AttachmentModel.swift */ = {isa = PBXFileReference; lastKnownFileType = sourcecode.swift; path = AttachmentModel.swift; sourceTree = "<group>"; };
		F29C66AC280EF17E0030245D /* OtherForPostModel.swift */ = {isa = PBXFileReference; lastKnownFileType = sourcecode.swift; path = OtherForPostModel.swift; sourceTree = "<group>"; };
		F29F4C0F27CF6BED00D766F2 /* KeychainLayer.swift */ = {isa = PBXFileReference; lastKnownFileType = sourcecode.swift; path = KeychainLayer.swift; sourceTree = "<group>"; };
		F2A4D675285CACA6008A4509 /* FavoriteGroupAdapter.swift */ = {isa = PBXFileReference; lastKnownFileType = sourcecode.swift; path = FavoriteGroupAdapter.swift; sourceTree = "<group>"; };
		F2B76B8227D74BC4006BA2A1 /* LoaderImageLayer.swift */ = {isa = PBXFileReference; lastKnownFileType = sourcecode.swift; path = LoaderImageLayer.swift; sourceTree = "<group>"; };
		F2D042B227F83D94006DC948 /* StartScreenProvider.swift */ = {isa = PBXFileReference; lastKnownFileType = sourcecode.swift; path = StartScreenProvider.swift; sourceTree = "<group>"; };
		F2D2876C283F722C00F8B8D1 /* NewsStubTableViewCell.swift */ = {isa = PBXFileReference; lastKnownFileType = sourcecode.swift; path = NewsStubTableViewCell.swift; sourceTree = "<group>"; };
		F2DCE94A280C31D400027EAE /* LoginViewController.swift */ = {isa = PBXFileReference; fileEncoding = 4; lastKnownFileType = sourcecode.swift; path = LoginViewController.swift; sourceTree = "<group>"; };
		F2DCE94D280C31D400027EAE /* LoginAutorized.swift */ = {isa = PBXFileReference; fileEncoding = 4; lastKnownFileType = sourcecode.swift; path = LoginAutorized.swift; sourceTree = "<group>"; };
		F2DCE94F280C31D400027EAE /* LoginScreenProvider.swift */ = {isa = PBXFileReference; fileEncoding = 4; lastKnownFileType = sourcecode.swift; path = LoginScreenProvider.swift; sourceTree = "<group>"; };
		F2FCA71E27E7518E0036209B /* RLMLetter.swift */ = {isa = PBXFileReference; lastKnownFileType = sourcecode.swift; path = RLMLetter.swift; sourceTree = "<group>"; };
/* End PBXFileReference section */

/* Begin PBXFrameworksBuildPhase section */
		F210040827A1352A00073B94 /* Frameworks */ = {
			isa = PBXFrameworksBuildPhase;
			buildActionMask = 2147483647;
			files = (
				F25AE76727D1E1FD00AADE0D /* RealmSwift in Frameworks */,
				F2E3BAAE281C3B410047B760 /* PromiseKit in Frameworks */,
				F25AE76527D1E1FD00AADE0D /* Realm in Frameworks */,
				F23838DD27D0C743006D1B2C /* KeychainSwift in Frameworks */,
			);
			runOnlyForDeploymentPostprocessing = 0;
		};
/* End PBXFrameworksBuildPhase section */

/* Begin PBXGroup section */
		F2070D01283376CD0066DEEF /* Api */ = {
			isa = PBXGroup;
			children = (
				F2070D02283376E50066DEEF /* Base */,
				F2070D0C283378B70066DEEF /* Endpoints */,
				F2070D09283377AD0066DEEF /* ApiLayer.swift */,
			);
			path = Api;
			sourceTree = "<group>";
		};
		F2070D02283376E50066DEEF /* Base */ = {
			isa = PBXGroup;
			children = (
				F2070D03283376FE0066DEEF /* EndpointBase.swift */,
				F2070D052833775E0066DEEF /* RequestMethod.swift */,
				F2070D072833777A0066DEEF /* RequestError.swift */,
				F270D17E2836266C00A26280 /* RequestBase.swift */,
			);
			path = Base;
			sourceTree = "<group>";
		};
		F2070D0C283378B70066DEEF /* Endpoints */ = {
			isa = PBXGroup;
			children = (
				F2070D0D283378DD0066DEEF /* ApiEndpoint.swift */,
			);
			path = Endpoints;
			sourceTree = "<group>";
		};
		F210040227A1352A00073B94 = {
			isa = PBXGroup;
			children = (
				F245ADE5282FE6BD006ADDD1 /* .swiftlint.yml */,
				F210040D27A1352A00073B94 /* vk-withoutStoryboard */,
				F210040C27A1352A00073B94 /* Products */,
			);
			sourceTree = "<group>";
		};
		F210040C27A1352A00073B94 /* Products */ = {
			isa = PBXGroup;
			children = (
				F210040B27A1352A00073B94 /* vk-withoutStoryboard.app */,
			);
			name = Products;
			sourceTree = "<group>";
		};
		F210040D27A1352A00073B94 /* vk-withoutStoryboard */ = {
			isa = PBXGroup;
			children = (
				F285765F27D61D9F00B6069F /* AppDelegate */,
				F285765E27D61D7700B6069F /* Screens */,
				F2AE37942831072D00D2E76C /* Navigations */,
				F252990B27A93E9600E10CEF /* UI */,
				F21B778127AEB1E30032F8B5 /* Support */,
				F22E015227A6BFCD00B0FB27 /* Models */,
				F285766027D61DC300B6069F /* Resource */,
				F245ADE9282FEC5D006ADDD1 /* Extensions */,
			);
			path = "vk-withoutStoryboard";
			sourceTree = "<group>";
		};
		F21B778127AEB1E30032F8B5 /* Support */ = {
			isa = PBXGroup;
			children = (
				F2A4D674285CABFD008A4509 /* Adapter */,
				F287CA0B283A569C000AF975 /* Helpers */,
				F2AE37952831286900D2E76C /* Layers */,
				F286F8F827FC37ED008E9B2B /* Providers */,
				F2912AD72840E36E009D3193 /* MyError.swift */,
			);
			path = Support;
			sourceTree = "<group>";
		};
		F21B778227AEBA7F0032F8B5 /* Friends list */ = {
			isa = PBXGroup;
			children = (
				F22E014727A6BE0400B0FB27 /* Controller */,
				F24E7A7127AC12AA00E12148 /* HeaderSection */,
				F22E014E27A6BF4800B0FB27 /* Cell */,
			);
			path = "Friends list";
			sourceTree = "<group>";
		};
		F21EB5A027A7D581003698CD /* Friend photos */ = {
			isa = PBXGroup;
			children = (
				F21EB5A127A7D5B6003698CD /* Controller */,
				F21EB5A427A7D80B003698CD /* Cell */,
			);
			path = "Friend photos";
			sourceTree = "<group>";
		};
		F21EB5A127A7D5B6003698CD /* Controller */ = {
			isa = PBXGroup;
			children = (
				F21EB5A227A7D5D3003698CD /* FriendCollectionViewController.swift */,
			);
			path = Controller;
			sourceTree = "<group>";
		};
		F21EB5A427A7D80B003698CD /* Cell */ = {
			isa = PBXGroup;
			children = (
				F21EB5A527A7D829003698CD /* FriendCollectionViewCell.swift */,
			);
			path = Cell;
			sourceTree = "<group>";
		};
		F21EB5A727A7F0C7003698CD /* Common Cell */ = {
			isa = PBXGroup;
			children = (
				F21EB5A827A7F0E0003698CD /* GroupTableViewCell.swift */,
			);
			path = "Common Cell";
			sourceTree = "<group>";
		};
		F21EB5AF27A80E2B003698CD /* TabBar */ = {
			isa = PBXGroup;
			children = (
				F281597A27A27C9F0061F2B8 /* TabBarViewController.swift */,
			);
			path = TabBar;
			sourceTree = "<group>";
		};
		F22E014627A6BDB900B0FB27 /* Friends */ = {
			isa = PBXGroup;
			children = (
				F21B778227AEBA7F0032F8B5 /* Friends list */,
				F21EB5A027A7D581003698CD /* Friend photos */,
			);
			path = Friends;
			sourceTree = "<group>";
		};
		F22E014727A6BE0400B0FB27 /* Controller */ = {
			isa = PBXGroup;
			children = (
				F22E014827A6BE1800B0FB27 /* FriendsViewController.swift */,
			);
			path = Controller;
			sourceTree = "<group>";
		};
		F22E014A27A6BE3900B0FB27 /* Groups */ = {
			isa = PBXGroup;
			children = (
				F28C8E5D28323807003C648D /* Catalog Groups */,
				F28C8E5A28323807003C648D /* Favorite Groups */,
				F21EB5A727A7F0C7003698CD /* Common Cell */,
				F24E7A7427AC406400E12148 /* SearchBar Header */,
			);
			path = Groups;
			sourceTree = "<group>";
		};
		F22E014E27A6BF4800B0FB27 /* Cell */ = {
			isa = PBXGroup;
			children = (
				F22E014F27A6BF5F00B0FB27 /* FriendsTableViewCell.swift */,
			);
			path = Cell;
			sourceTree = "<group>";
		};
		F22E015227A6BFCD00B0FB27 /* Models */ = {
			isa = PBXGroup;
			children = (
				F2DCE94C280C31D400027EAE /* Firebase */,
				F28CD2D0280D79BD002FEBF9 /* News */,
				F299703D27E0C9EA006684BD /* Realm */,
				F25580F227CBB930008820DD /* Responses.swift */,
				F278306B285CE6A900DE5C3D /* GroupModel.swift */,
			);
			path = Models;
			sourceTree = "<group>";
		};
		F245ADE9282FEC5D006ADDD1 /* Extensions */ = {
			isa = PBXGroup;
			children = (
				F245ADE7282FEB0F006ADDD1 /* UIColor.swift */,
			);
			path = Extensions;
			sourceTree = "<group>";
		};
		F24E7A7127AC12AA00E12148 /* HeaderSection */ = {
			isa = PBXGroup;
			children = (
				F24E7A7227AC12D400E12148 /* FriendsHeaderSectionTableView.swift */,
			);
			path = HeaderSection;
			sourceTree = "<group>";
		};
		F24E7A7427AC406400E12148 /* SearchBar Header */ = {
			isa = PBXGroup;
			children = (
				F2890BDD27AD22E80038AF8F /* SearchBarHeaderView.swift */,
			);
			path = "SearchBar Header";
			sourceTree = "<group>";
		};
		F252990B27A93E9600E10CEF /* UI */ = {
			isa = PBXGroup;
			children = (
				F252990C27A93EB200E10CEF /* AvatarView.swift */,
				F25869EC27A934F100A86D87 /* LikeControl.swift */,
				F23556E327B1048A0032E049 /* LoadingView.swift */,
			);
			path = UI;
			sourceTree = "<group>";
		};
		F285765D27D61CD400B6069F /* Configuration */ = {
			isa = PBXGroup;
			children = (
				F210041C27A1352B00073B94 /* Info.plist */,
			);
			path = Configuration;
			sourceTree = "<group>";
		};
		F285765E27D61D7700B6069F /* Screens */ = {
			isa = PBXGroup;
			children = (
				F286F8F727FC37C5008E9B2B /* Start */,
				F2DCE948280C31D400027EAE /* Login */,
				F22E014627A6BDB900B0FB27 /* Friends */,
				F2890BDF27AD76950038AF8F /* News */,
				F22E014A27A6BE3900B0FB27 /* Groups */,
			);
			path = Screens;
			sourceTree = "<group>";
		};
		F285765F27D61D9F00B6069F /* AppDelegate */ = {
			isa = PBXGroup;
			children = (
				F210040E27A1352A00073B94 /* AppDelegate.swift */,
				F210041027A1352A00073B94 /* SceneDelegate.swift */,
			);
			path = AppDelegate;
			sourceTree = "<group>";
		};
		F285766027D61DC300B6069F /* Resource */ = {
			isa = PBXGroup;
			children = (
				F285765D27D61CD400B6069F /* Configuration */,
				F210041727A1352B00073B94 /* Assets.xcassets */,
				F286F8FE27FC5BAA008E9B2B /* GoogleService-Info.plist */,
				F210041927A1352B00073B94 /* LaunchScreen.storyboard */,
			);
			path = Resource;
			sourceTree = "<group>";
		};
		F286F8F727FC37C5008E9B2B /* Start */ = {
			isa = PBXGroup;
			children = (
				F285766127D62BAB00B6069F /* StartViewController.swift */,
			);
			path = Start;
			sourceTree = "<group>";
		};
		F286F8F827FC37ED008E9B2B /* Providers */ = {
			isa = PBXGroup;
			children = (
				F2D042B227F83D94006DC948 /* StartScreenProvider.swift */,
				F2DCE94F280C31D400027EAE /* LoginScreenProvider.swift */,
				F26C4ABC27F6FAA70081FB66 /* FriendsListScreenProvider.swift */,
				F26C4AC027F706A10081FB66 /* FriendPhotosScreenProvider.swift */,
				F28CD2CA280D5B42002FEBF9 /* NewsScreenProvider.swift */,
				F26C4AC627F718290081FB66 /* FavoriteGroupsScreenProvider.swift */,
				F26C4AC327F70CE50081FB66 /* CatalogGroupsScreenProvider.swift */,
			);
			path = Providers;
			sourceTree = "<group>";
		};
		F287CA0B283A569C000AF975 /* Helpers */ = {
			isa = PBXGroup;
			children = (
				F287CA0C283A56D2000AF975 /* DateFormaterHelper.swift */,
			);
			path = Helpers;
			sourceTree = "<group>";
		};
		F2890BDF27AD76950038AF8F /* News */ = {
			isa = PBXGroup;
			children = (
				F2890BE227AD78A60038AF8F /* Controller */,
				F2890BE327AD78B50038AF8F /* Cell */,
			);
			path = News;
			sourceTree = "<group>";
		};
		F2890BE227AD78A60038AF8F /* Controller */ = {
			isa = PBXGroup;
			children = (
				F28CD2C7280D57FC002FEBF9 /* NewsTableViewController.swift */,
			);
			path = Controller;
			sourceTree = "<group>";
		};
		F2890BE327AD78B50038AF8F /* Cell */ = {
			isa = PBXGroup;
			children = (
				F28CD2DB280D962D002FEBF9 /* Header */,
				F28CD2E1280DAA71002FEBF9 /* Content */,
				F29C66A3280ED1440030245D /* Footer */,
			);
			path = Cell;
			sourceTree = "<group>";
		};
		F28C8E5A28323807003C648D /* Favorite Groups */ = {
			isa = PBXGroup;
			children = (
				F28C8E5B28323807003C648D /* Controller */,
			);
			path = "Favorite Groups";
			sourceTree = "<group>";
		};
		F28C8E5B28323807003C648D /* Controller */ = {
			isa = PBXGroup;
			children = (
				F28C8E5C28323807003C648D /* FavoriteGroupsListViewController.swift */,
			);
			path = Controller;
			sourceTree = "<group>";
		};
		F28C8E5D28323807003C648D /* Catalog Groups */ = {
			isa = PBXGroup;
			children = (
				F28C8E5E28323807003C648D /* Controller */,
			);
			path = "Catalog Groups";
			sourceTree = "<group>";
		};
		F28C8E5E28323807003C648D /* Controller */ = {
			isa = PBXGroup;
			children = (
				F28C8E5F28323807003C648D /* CatalogGroupsListViewController.swift */,
			);
			path = Controller;
			sourceTree = "<group>";
		};
		F28CD2D0280D79BD002FEBF9 /* News */ = {
			isa = PBXGroup;
			children = (
				F28CD2CC280D6490002FEBF9 /* NewsPostModel.swift */,
				F28CD2CE280D78EB002FEBF9 /* NewsProfileModel.swift */,
				F28CD2D1280D79DE002FEBF9 /* NewsGroupModel.swift */,
				F29C66AA280EF1250030245D /* AttachmentModel.swift */,
				F29C66AC280EF17E0030245D /* OtherForPostModel.swift */,
			);
			path = News;
			sourceTree = "<group>";
		};
		F28CD2DB280D962D002FEBF9 /* Header */ = {
			isa = PBXGroup;
			children = (
				F28CD2DE280DA293002FEBF9 /* Base Cell */,
				F28CD2D3280D8678002FEBF9 /* NewsProfileTableViewCell.swift */,
				F28CD2D7280D95CC002FEBF9 /* NewsGroupProfileTableViewCell.swift */,
			);
			path = Header;
			sourceTree = "<group>";
		};
		F28CD2DE280DA293002FEBF9 /* Base Cell */ = {
			isa = PBXGroup;
			children = (
				F28CD2D9280D9627002FEBF9 /* NewsHeaderTableViewCell.swift */,
			);
			path = "Base Cell";
			sourceTree = "<group>";
		};
		F28CD2E1280DAA71002FEBF9 /* Content */ = {
			isa = PBXGroup;
			children = (
				F28CD2DC280D9BFB002FEBF9 /* NewsTextTableViewCell.swift */,
				F28CD2DF280DA2FF002FEBF9 /* NewsPhotosTableViewCell.swift */,
				F2D2876C283F722C00F8B8D1 /* NewsStubTableViewCell.swift */,
			);
			path = Content;
			sourceTree = "<group>";
		};
		F299703D27E0C9EA006684BD /* Realm */ = {
			isa = PBXGroup;
			children = (
				F2FCA71E27E7518E0036209B /* RLMLetter.swift */,
				F2982B0A27E33E6B00186F8D /* RLMFriend.swift */,
				F2982B0C27E33E7400186F8D /* RLMPhoto.swift */,
				F2982B0E27E33E8000186F8D /* RMLGroup.swift */,
			);
			path = Realm;
			sourceTree = "<group>";
		};
		F299703E27E0DD71006684BD /* Network */ = {
			isa = PBXGroup;
			children = (
				F2070D01283376CD0066DEEF /* Api */,
				F2B76B8227D74BC4006BA2A1 /* LoaderImageLayer.swift */,
			);
			path = Network;
			sourceTree = "<group>";
		};
		F299703F27E0DDD9006684BD /* Database */ = {
			isa = PBXGroup;
			children = (
				F299704027E0DEEE006684BD /* RealmLayer.swift */,
			);
			path = Database;
			sourceTree = "<group>";
		};
		F29C66A3280ED1440030245D /* Footer */ = {
			isa = PBXGroup;
			children = (
				F29C66A4280ED15F0030245D /* NewsFooterTableViewCell.swift */,
			);
			path = Footer;
			sourceTree = "<group>";
		};
		F2A4D674285CABFD008A4509 /* Adapter */ = {
			isa = PBXGroup;
			children = (
				F2A4D675285CACA6008A4509 /* FavoriteGroupAdapter.swift */,
			);
			path = Adapter;
			sourceTree = "<group>";
		};
		F2AE37942831072D00D2E76C /* Navigations */ = {
			isa = PBXGroup;
			children = (
				F21EB5AF27A80E2B003698CD /* TabBar */,
			);
			path = Navigations;
			sourceTree = "<group>";
		};
		F2AE37952831286900D2E76C /* Layers */ = {
			isa = PBXGroup;
			children = (
				F299703E27E0DD71006684BD /* Network */,
				F299703F27E0DDD9006684BD /* Database */,
				F29900C927D368A4003186C9 /* PhotoFileCacheLayer.swift */,
				F287CA0E283A674B000AF975 /* PhotoNSCacheLayer.swift */,
				F29F4C0F27CF6BED00D766F2 /* KeychainLayer.swift */,
			);
			path = Layers;
			sourceTree = "<group>";
		};
		F2DCE948280C31D400027EAE /* Login */ = {
			isa = PBXGroup;
			children = (
				F2DCE94A280C31D400027EAE /* LoginViewController.swift */,
			);
			path = Login;
			sourceTree = "<group>";
		};
		F2DCE94C280C31D400027EAE /* Firebase */ = {
			isa = PBXGroup;
			children = (
				F2DCE94D280C31D400027EAE /* LoginAutorized.swift */,
			);
			path = Firebase;
			sourceTree = "<group>";
		};
/* End PBXGroup section */

/* Begin PBXNativeTarget section */
		F210040A27A1352A00073B94 /* vk-withoutStoryboard */ = {
			isa = PBXNativeTarget;
			buildConfigurationList = F210041F27A1352B00073B94 /* Build configuration list for PBXNativeTarget "vk-withoutStoryboard" */;
			buildPhases = (
				F210040727A1352A00073B94 /* Sources */,
				F210040827A1352A00073B94 /* Frameworks */,
				F210040927A1352A00073B94 /* Resources */,
				F204FC42282FDFE800BD212B /* ShellScript */,
			);
			buildRules = (
			);
			dependencies = (
			);
			name = "vk-withoutStoryboard";
			packageProductDependencies = (
				F23838DC27D0C743006D1B2C /* KeychainSwift */,
				F25AE76427D1E1FD00AADE0D /* Realm */,
				F25AE76627D1E1FD00AADE0D /* RealmSwift */,
				F2E3BAAD281C3B410047B760 /* PromiseKit */,
			);
			productName = "firstApp-withoutStoryboard";
			productReference = F210040B27A1352A00073B94 /* vk-withoutStoryboard.app */;
			productType = "com.apple.product-type.application";
		};
/* End PBXNativeTarget section */

/* Begin PBXProject section */
		F210040327A1352A00073B94 /* Project object */ = {
			isa = PBXProject;
			attributes = {
				BuildIndependentTargetsInParallel = 1;
				LastSwiftUpdateCheck = 1320;
				LastUpgradeCheck = 1320;
				TargetAttributes = {
					F210040A27A1352A00073B94 = {
						CreatedOnToolsVersion = 13.2.1;
					};
				};
			};
			buildConfigurationList = F210040627A1352A00073B94 /* Build configuration list for PBXProject "vk-withoutStoryboard" */;
			compatibilityVersion = "Xcode 13.0";
			developmentRegion = en;
			hasScannedForEncodings = 0;
			knownRegions = (
				en,
				Base,
			);
			mainGroup = F210040227A1352A00073B94;
			packageReferences = (
				F23838DB27D0C743006D1B2C /* XCRemoteSwiftPackageReference "keychain-swift" */,
				F25AE76327D1E1FD00AADE0D /* XCRemoteSwiftPackageReference "realm-swift" */,
				F2E3BAAC281C3B410047B760 /* XCRemoteSwiftPackageReference "PromiseKit" */,
			);
			productRefGroup = F210040C27A1352A00073B94 /* Products */;
			projectDirPath = "";
			projectRoot = "";
			targets = (
				F210040A27A1352A00073B94 /* vk-withoutStoryboard */,
			);
		};
/* End PBXProject section */

/* Begin PBXResourcesBuildPhase section */
		F210040927A1352A00073B94 /* Resources */ = {
			isa = PBXResourcesBuildPhase;
			buildActionMask = 2147483647;
			files = (
				F245ADE6282FE6BD006ADDD1 /* .swiftlint.yml in Resources */,
				F210041B27A1352B00073B94 /* LaunchScreen.storyboard in Resources */,
				F210041827A1352B00073B94 /* Assets.xcassets in Resources */,
				F286F8FF27FC5BAA008E9B2B /* GoogleService-Info.plist in Resources */,
			);
			runOnlyForDeploymentPostprocessing = 0;
		};
/* End PBXResourcesBuildPhase section */

/* Begin PBXShellScriptBuildPhase section */
		F204FC42282FDFE800BD212B /* ShellScript */ = {
			isa = PBXShellScriptBuildPhase;
			buildActionMask = 2147483647;
			files = (
			);
			inputFileListPaths = (
			);
			inputPaths = (
			);
			outputFileListPaths = (
			);
			outputPaths = (
			);
			runOnlyForDeploymentPostprocessing = 0;
			shellPath = /bin/sh;
			shellScript = "# Type a script or drag a script file from your workspace to insert its path.\nexport PATH=\"$PATH:/opt/homebrew/bin\"\nif which swiftlint > /dev/null; then\n  swiftlint\nelse\n  echo \"warning: SwiftLint not installed, download from https://github.com/realm/SwiftLint\"\nfi\n";
		};
/* End PBXShellScriptBuildPhase section */

/* Begin PBXSourcesBuildPhase section */
		F210040727A1352A00073B94 /* Sources */ = {
			isa = PBXSourcesBuildPhase;
			buildActionMask = 2147483647;
			files = (
				F2982B0B27E33E6B00186F8D /* RLMFriend.swift in Sources */,
				F29C66AB280EF1250030245D /* AttachmentModel.swift in Sources */,
				F2070D0A283377AD0066DEEF /* ApiLayer.swift in Sources */,
				F2890BDE27AD22E80038AF8F /* SearchBarHeaderView.swift in Sources */,
				F285766227D62BAB00B6069F /* StartViewController.swift in Sources */,
				F28CD2CF280D78EB002FEBF9 /* NewsProfileModel.swift in Sources */,
				F2912AD82840E36E009D3193 /* MyError.swift in Sources */,
				F24E7A7327AC12D400E12148 /* FriendsHeaderSectionTableView.swift in Sources */,
				F2070D04283376FE0066DEEF /* EndpointBase.swift in Sources */,
				F29F4C1027CF6BED00D766F2 /* KeychainLayer.swift in Sources */,
				F28CD2DA280D9627002FEBF9 /* NewsHeaderTableViewCell.swift in Sources */,
				F28CD2CD280D6490002FEBF9 /* NewsPostModel.swift in Sources */,
				F2070D0E283378DD0066DEEF /* ApiEndpoint.swift in Sources */,
				F278306C285CE6A900DE5C3D /* GroupModel.swift in Sources */,
				F28CD2DD280D9BFB002FEBF9 /* NewsTextTableViewCell.swift in Sources */,
				F2982B0F27E33E8000186F8D /* RMLGroup.swift in Sources */,
				F2FCA71F27E7518E0036209B /* RLMLetter.swift in Sources */,
				F26C4ABD27F6FAA70081FB66 /* FriendsListScreenProvider.swift in Sources */,
				F2A4D676285CACA6008A4509 /* FavoriteGroupAdapter.swift in Sources */,
				F299704127E0DEEE006684BD /* RealmLayer.swift in Sources */,
				F28CD2C8280D57FC002FEBF9 /* NewsTableViewController.swift in Sources */,
				F22E015027A6BF5F00B0FB27 /* FriendsTableViewCell.swift in Sources */,
				F26C4AC127F706A10081FB66 /* FriendPhotosScreenProvider.swift in Sources */,
				F29C66AD280EF17E0030245D /* OtherForPostModel.swift in Sources */,
				F25580F327CBB930008820DD /* Responses.swift in Sources */,
				F245ADE8282FEB0F006ADDD1 /* UIColor.swift in Sources */,
				F29C66A5280ED15F0030245D /* NewsFooterTableViewCell.swift in Sources */,
				F28C8E6128323807003C648D /* CatalogGroupsListViewController.swift in Sources */,
				F252990D27A93EB200E10CEF /* AvatarView.swift in Sources */,
				F2070D062833775E0066DEEF /* RequestMethod.swift in Sources */,
				F2D042B327F83D94006DC948 /* StartScreenProvider.swift in Sources */,
				F2DCE952280C31D400027EAE /* LoginAutorized.swift in Sources */,
				F25869ED27A934F100A86D87 /* LikeControl.swift in Sources */,
				F26C4AC727F718290081FB66 /* FavoriteGroupsScreenProvider.swift in Sources */,
				F2DCE953280C31D500027EAE /* LoginScreenProvider.swift in Sources */,
				F28CD2D2280D79DE002FEBF9 /* NewsGroupModel.swift in Sources */,
				F2070D082833777A0066DEEF /* RequestError.swift in Sources */,
				F28CD2CB280D5B42002FEBF9 /* NewsScreenProvider.swift in Sources */,
				F29900CA27D368A4003186C9 /* PhotoFileCacheLayer.swift in Sources */,
				F210040F27A1352A00073B94 /* AppDelegate.swift in Sources */,
				F28CD2E0280DA2FF002FEBF9 /* NewsPhotosTableViewCell.swift in Sources */,
				F28CD2D4280D8678002FEBF9 /* NewsProfileTableViewCell.swift in Sources */,
				F2982B0D27E33E7400186F8D /* RLMPhoto.swift in Sources */,
				F21EB5A327A7D5D3003698CD /* FriendCollectionViewController.swift in Sources */,
				F270D17F2836266C00A26280 /* RequestBase.swift in Sources */,
				F23556E427B1048A0032E049 /* LoadingView.swift in Sources */,
				F21EB5A927A7F0E0003698CD /* GroupTableViewCell.swift in Sources */,
				F28CD2D8280D95CC002FEBF9 /* NewsGroupProfileTableViewCell.swift in Sources */,
				F281597B27A27C9F0061F2B8 /* TabBarViewController.swift in Sources */,
				F26C4AC427F70CE50081FB66 /* CatalogGroupsScreenProvider.swift in Sources */,
				F21EB5A627A7D829003698CD /* FriendCollectionViewCell.swift in Sources */,
				F2D2876D283F722C00F8B8D1 /* NewsStubTableViewCell.swift in Sources */,
				F2DCE950280C31D400027EAE /* LoginViewController.swift in Sources */,
				F287CA0D283A56D2000AF975 /* DateFormaterHelper.swift in Sources */,
				F22E014927A6BE1800B0FB27 /* FriendsViewController.swift in Sources */,
				F28C8E6028323807003C648D /* FavoriteGroupsListViewController.swift in Sources */,
				F2B76B8327D74BC4006BA2A1 /* LoaderImageLayer.swift in Sources */,
				F210041127A1352A00073B94 /* SceneDelegate.swift in Sources */,
				F287CA0F283A674B000AF975 /* PhotoNSCacheLayer.swift in Sources */,
			);
			runOnlyForDeploymentPostprocessing = 0;
		};
/* End PBXSourcesBuildPhase section */

/* Begin PBXVariantGroup section */
		F210041927A1352B00073B94 /* LaunchScreen.storyboard */ = {
			isa = PBXVariantGroup;
			children = (
				F210041A27A1352B00073B94 /* Base */,
			);
			name = LaunchScreen.storyboard;
			sourceTree = "<group>";
		};
/* End PBXVariantGroup section */

/* Begin XCBuildConfiguration section */
		F210041D27A1352B00073B94 /* Debug */ = {
			isa = XCBuildConfiguration;
			buildSettings = {
				ALWAYS_SEARCH_USER_PATHS = NO;
				CLANG_ANALYZER_NONNULL = YES;
				CLANG_ANALYZER_NUMBER_OBJECT_CONVERSION = YES_AGGRESSIVE;
				CLANG_CXX_LANGUAGE_STANDARD = "gnu++17";
				CLANG_CXX_LIBRARY = "libc++";
				CLANG_ENABLE_MODULES = YES;
				CLANG_ENABLE_OBJC_ARC = YES;
				CLANG_ENABLE_OBJC_WEAK = YES;
				CLANG_WARN_BLOCK_CAPTURE_AUTORELEASING = YES;
				CLANG_WARN_BOOL_CONVERSION = YES;
				CLANG_WARN_COMMA = YES;
				CLANG_WARN_CONSTANT_CONVERSION = YES;
				CLANG_WARN_DEPRECATED_OBJC_IMPLEMENTATIONS = YES;
				CLANG_WARN_DIRECT_OBJC_ISA_USAGE = YES_ERROR;
				CLANG_WARN_DOCUMENTATION_COMMENTS = YES;
				CLANG_WARN_EMPTY_BODY = YES;
				CLANG_WARN_ENUM_CONVERSION = YES;
				CLANG_WARN_INFINITE_RECURSION = YES;
				CLANG_WARN_INT_CONVERSION = YES;
				CLANG_WARN_NON_LITERAL_NULL_CONVERSION = YES;
				CLANG_WARN_OBJC_IMPLICIT_RETAIN_SELF = YES;
				CLANG_WARN_OBJC_LITERAL_CONVERSION = YES;
				CLANG_WARN_OBJC_ROOT_CLASS = YES_ERROR;
				CLANG_WARN_QUOTED_INCLUDE_IN_FRAMEWORK_HEADER = YES;
				CLANG_WARN_RANGE_LOOP_ANALYSIS = YES;
				CLANG_WARN_STRICT_PROTOTYPES = YES;
				CLANG_WARN_SUSPICIOUS_MOVE = YES;
				CLANG_WARN_UNGUARDED_AVAILABILITY = YES_AGGRESSIVE;
				CLANG_WARN_UNREACHABLE_CODE = YES;
				CLANG_WARN__DUPLICATE_METHOD_MATCH = YES;
				COPY_PHASE_STRIP = NO;
				DEBUG_INFORMATION_FORMAT = dwarf;
				ENABLE_STRICT_OBJC_MSGSEND = YES;
				ENABLE_TESTABILITY = YES;
				GCC_C_LANGUAGE_STANDARD = gnu11;
				GCC_DYNAMIC_NO_PIC = NO;
				GCC_NO_COMMON_BLOCKS = YES;
				GCC_OPTIMIZATION_LEVEL = 0;
				GCC_PREPROCESSOR_DEFINITIONS = (
					"DEBUG=1",
					"$(inherited)",
				);
				GCC_WARN_64_TO_32_BIT_CONVERSION = YES;
				GCC_WARN_ABOUT_RETURN_TYPE = YES_ERROR;
				GCC_WARN_UNDECLARED_SELECTOR = YES;
				GCC_WARN_UNINITIALIZED_AUTOS = YES_AGGRESSIVE;
				GCC_WARN_UNUSED_FUNCTION = YES;
				GCC_WARN_UNUSED_VARIABLE = YES;
				IPHONEOS_DEPLOYMENT_TARGET = 15.2;
				MTL_ENABLE_DEBUG_INFO = INCLUDE_SOURCE;
				MTL_FAST_MATH = YES;
				ONLY_ACTIVE_ARCH = YES;
				SDKROOT = iphoneos;
				SWIFT_ACTIVE_COMPILATION_CONDITIONS = DEBUG;
				SWIFT_OPTIMIZATION_LEVEL = "-Onone";
			};
			name = Debug;
		};
		F210041E27A1352B00073B94 /* Release */ = {
			isa = XCBuildConfiguration;
			buildSettings = {
				ALWAYS_SEARCH_USER_PATHS = NO;
				CLANG_ANALYZER_NONNULL = YES;
				CLANG_ANALYZER_NUMBER_OBJECT_CONVERSION = YES_AGGRESSIVE;
				CLANG_CXX_LANGUAGE_STANDARD = "gnu++17";
				CLANG_CXX_LIBRARY = "libc++";
				CLANG_ENABLE_MODULES = YES;
				CLANG_ENABLE_OBJC_ARC = YES;
				CLANG_ENABLE_OBJC_WEAK = YES;
				CLANG_WARN_BLOCK_CAPTURE_AUTORELEASING = YES;
				CLANG_WARN_BOOL_CONVERSION = YES;
				CLANG_WARN_COMMA = YES;
				CLANG_WARN_CONSTANT_CONVERSION = YES;
				CLANG_WARN_DEPRECATED_OBJC_IMPLEMENTATIONS = YES;
				CLANG_WARN_DIRECT_OBJC_ISA_USAGE = YES_ERROR;
				CLANG_WARN_DOCUMENTATION_COMMENTS = YES;
				CLANG_WARN_EMPTY_BODY = YES;
				CLANG_WARN_ENUM_CONVERSION = YES;
				CLANG_WARN_INFINITE_RECURSION = YES;
				CLANG_WARN_INT_CONVERSION = YES;
				CLANG_WARN_NON_LITERAL_NULL_CONVERSION = YES;
				CLANG_WARN_OBJC_IMPLICIT_RETAIN_SELF = YES;
				CLANG_WARN_OBJC_LITERAL_CONVERSION = YES;
				CLANG_WARN_OBJC_ROOT_CLASS = YES_ERROR;
				CLANG_WARN_QUOTED_INCLUDE_IN_FRAMEWORK_HEADER = YES;
				CLANG_WARN_RANGE_LOOP_ANALYSIS = YES;
				CLANG_WARN_STRICT_PROTOTYPES = YES;
				CLANG_WARN_SUSPICIOUS_MOVE = YES;
				CLANG_WARN_UNGUARDED_AVAILABILITY = YES_AGGRESSIVE;
				CLANG_WARN_UNREACHABLE_CODE = YES;
				CLANG_WARN__DUPLICATE_METHOD_MATCH = YES;
				COPY_PHASE_STRIP = NO;
				DEBUG_INFORMATION_FORMAT = "dwarf-with-dsym";
				ENABLE_NS_ASSERTIONS = NO;
				ENABLE_STRICT_OBJC_MSGSEND = YES;
				GCC_C_LANGUAGE_STANDARD = gnu11;
				GCC_NO_COMMON_BLOCKS = YES;
				GCC_WARN_64_TO_32_BIT_CONVERSION = YES;
				GCC_WARN_ABOUT_RETURN_TYPE = YES_ERROR;
				GCC_WARN_UNDECLARED_SELECTOR = YES;
				GCC_WARN_UNINITIALIZED_AUTOS = YES_AGGRESSIVE;
				GCC_WARN_UNUSED_FUNCTION = YES;
				GCC_WARN_UNUSED_VARIABLE = YES;
				IPHONEOS_DEPLOYMENT_TARGET = 15.2;
				MTL_ENABLE_DEBUG_INFO = NO;
				MTL_FAST_MATH = YES;
				SDKROOT = iphoneos;
				SWIFT_COMPILATION_MODE = wholemodule;
				SWIFT_OPTIMIZATION_LEVEL = "-O";
				VALIDATE_PRODUCT = YES;
			};
			name = Release;
		};
		F210042027A1352B00073B94 /* Debug */ = {
			isa = XCBuildConfiguration;
			buildSettings = {
				ASSETCATALOG_COMPILER_APPICON_NAME = AppIcon;
				ASSETCATALOG_COMPILER_GLOBAL_ACCENT_COLOR_NAME = AccentColor;
				CODE_SIGN_STYLE = Automatic;
				CURRENT_PROJECT_VERSION = 1;
				DEVELOPMENT_TEAM = 97UL48L835;
				GENERATE_INFOPLIST_FILE = YES;
				INFOPLIST_FILE = "vk-withoutStoryboard/Resource/Configuration/Info.plist";
				INFOPLIST_KEY_CFBundleDisplayName = "vk-no-storyboard";
				INFOPLIST_KEY_UIApplicationSupportsIndirectInputEvents = YES;
				INFOPLIST_KEY_UILaunchStoryboardName = LaunchScreen;
				INFOPLIST_KEY_UIStatusBarHidden = NO;
				INFOPLIST_KEY_UISupportedInterfaceOrientations_iPad = "UIInterfaceOrientationPortrait UIInterfaceOrientationPortraitUpsideDown UIInterfaceOrientationLandscapeLeft UIInterfaceOrientationLandscapeRight";
				INFOPLIST_KEY_UISupportedInterfaceOrientations_iPhone = "UIInterfaceOrientationPortrait UIInterfaceOrientationLandscapeLeft UIInterfaceOrientationLandscapeRight";
				LD_RUNPATH_SEARCH_PATHS = (
					"$(inherited)",
					"@executable_path/Frameworks",
				);
				MARKETING_VERSION = 1.0;
				PRODUCT_BUNDLE_IDENTIFIER = "gb.vk-withoutStoryboard";
				PRODUCT_NAME = "$(TARGET_NAME)";
				SWIFT_EMIT_LOC_STRINGS = YES;
				SWIFT_VERSION = 5.0;
				TARGETED_DEVICE_FAMILY = "1,2";
			};
			name = Debug;
		};
		F210042127A1352B00073B94 /* Release */ = {
			isa = XCBuildConfiguration;
			buildSettings = {
				ASSETCATALOG_COMPILER_APPICON_NAME = AppIcon;
				ASSETCATALOG_COMPILER_GLOBAL_ACCENT_COLOR_NAME = AccentColor;
				CODE_SIGN_STYLE = Automatic;
				CURRENT_PROJECT_VERSION = 1;
				DEVELOPMENT_TEAM = 97UL48L835;
				GENERATE_INFOPLIST_FILE = YES;
				INFOPLIST_FILE = "vk-withoutStoryboard/Resource/Configuration/Info.plist";
				INFOPLIST_KEY_CFBundleDisplayName = "vk-no-storyboard";
				INFOPLIST_KEY_UIApplicationSupportsIndirectInputEvents = YES;
				INFOPLIST_KEY_UILaunchStoryboardName = LaunchScreen;
				INFOPLIST_KEY_UIStatusBarHidden = NO;
				INFOPLIST_KEY_UISupportedInterfaceOrientations_iPad = "UIInterfaceOrientationPortrait UIInterfaceOrientationPortraitUpsideDown UIInterfaceOrientationLandscapeLeft UIInterfaceOrientationLandscapeRight";
				INFOPLIST_KEY_UISupportedInterfaceOrientations_iPhone = "UIInterfaceOrientationPortrait UIInterfaceOrientationLandscapeLeft UIInterfaceOrientationLandscapeRight";
				LD_RUNPATH_SEARCH_PATHS = (
					"$(inherited)",
					"@executable_path/Frameworks",
				);
				MARKETING_VERSION = 1.0;
				PRODUCT_BUNDLE_IDENTIFIER = "gb.vk-withoutStoryboard";
				PRODUCT_NAME = "$(TARGET_NAME)";
				SWIFT_EMIT_LOC_STRINGS = YES;
				SWIFT_VERSION = 5.0;
				TARGETED_DEVICE_FAMILY = "1,2";
			};
			name = Release;
		};
/* End XCBuildConfiguration section */

/* Begin XCConfigurationList section */
		F210040627A1352A00073B94 /* Build configuration list for PBXProject "vk-withoutStoryboard" */ = {
			isa = XCConfigurationList;
			buildConfigurations = (
				F210041D27A1352B00073B94 /* Debug */,
				F210041E27A1352B00073B94 /* Release */,
			);
			defaultConfigurationIsVisible = 0;
			defaultConfigurationName = Release;
		};
		F210041F27A1352B00073B94 /* Build configuration list for PBXNativeTarget "vk-withoutStoryboard" */ = {
			isa = XCConfigurationList;
			buildConfigurations = (
				F210042027A1352B00073B94 /* Debug */,
				F210042127A1352B00073B94 /* Release */,
			);
			defaultConfigurationIsVisible = 0;
			defaultConfigurationName = Release;
		};
/* End XCConfigurationList section */

/* Begin XCRemoteSwiftPackageReference section */
		F23838DB27D0C743006D1B2C /* XCRemoteSwiftPackageReference "keychain-swift" */ = {
			isa = XCRemoteSwiftPackageReference;
			repositoryURL = "https://github.com/evgenyneu/keychain-swift.git";
			requirement = {
				kind = upToNextMajorVersion;
				minimumVersion = 20.0.0;
			};
		};
		F25AE76327D1E1FD00AADE0D /* XCRemoteSwiftPackageReference "realm-swift" */ = {
			isa = XCRemoteSwiftPackageReference;
			repositoryURL = "https://github.com/realm/realm-swift.git";
			requirement = {
				kind = upToNextMajorVersion;
				minimumVersion = 10.23.0;
			};
		};
		F2E3BAAC281C3B410047B760 /* XCRemoteSwiftPackageReference "PromiseKit" */ = {
			isa = XCRemoteSwiftPackageReference;
			repositoryURL = "https://github.com/mxcl/PromiseKit";
			requirement = {
				kind = upToNextMajorVersion;
				minimumVersion = 6.0.0;
			};
		};
/* End XCRemoteSwiftPackageReference section */

/* Begin XCSwiftPackageProductDependency section */
		F23838DC27D0C743006D1B2C /* KeychainSwift */ = {
			isa = XCSwiftPackageProductDependency;
			package = F23838DB27D0C743006D1B2C /* XCRemoteSwiftPackageReference "keychain-swift" */;
			productName = KeychainSwift;
		};
		F25AE76427D1E1FD00AADE0D /* Realm */ = {
			isa = XCSwiftPackageProductDependency;
			package = F25AE76327D1E1FD00AADE0D /* XCRemoteSwiftPackageReference "realm-swift" */;
			productName = Realm;
		};
		F25AE76627D1E1FD00AADE0D /* RealmSwift */ = {
			isa = XCSwiftPackageProductDependency;
			package = F25AE76327D1E1FD00AADE0D /* XCRemoteSwiftPackageReference "realm-swift" */;
			productName = RealmSwift;
		};
		F2E3BAAD281C3B410047B760 /* PromiseKit */ = {
			isa = XCSwiftPackageProductDependency;
			package = F2E3BAAC281C3B410047B760 /* XCRemoteSwiftPackageReference "PromiseKit" */;
			productName = PromiseKit;
		};
/* End XCSwiftPackageProductDependency section */
	};
	rootObject = F210040327A1352A00073B94 /* Project object */;
}
